
Microsoft Visual Studio Solution File, Format Version 12.00
# Visual Studio 15
VisualStudioVersion = 15.0.26730.12
MinimumVisualStudioVersion = 10.0.40219.1
Project("{FAE04EC0-301F-11D3-BF4B-00C04F79EFBC}") = "myfirstwebproject", "myfirstwebproject\myfirstwebproject.csproj", "{C6159C97-DF1A-4196-9562-B3F8EA5290C6}"
EndProject
Global
	GlobalSection(SolutionConfigurationPlatforms) = preSolution
		Debug|Any CPU = Debug|Any CPU
		Release|Any CPU = Release|Any CPU
	EndGlobalSection
	GlobalSection(ProjectConfigurationPlatforms) = postSolution
		{C6159C97-DF1A-4196-9562-B3F8EA5290C6}.Debug|Any CPU.ActiveCfg = Debug|Any CPU
		{C6159C97-DF1A-4196-9562-B3F8EA5290C6}.Debug|Any CPU.Build.0 = Debug|Any CPU
		{C6159C97-DF1A-4196-9562-B3F8EA5290C6}.Release|Any CPU.ActiveCfg = Release|Any CPU
		{C6159C97-DF1A-4196-9562-B3F8EA5290C6}.Release|Any CPU.Build.0 = Release|Any CPU
	EndGlobalSection
	GlobalSection(SolutionProperties) = preSolution
		HideSolutionNode = FALSE
	EndGlobalSection
	GlobalSection(ExtensibilityGlobals) = postSolution
		SolutionGuid = {0E5EC330-DBE6-47CC-B35C-58252F7AB69F}
	EndGlobalSection
EndGlobal
