
Microsoft Visual Studio Solution File, Format Version 12.00
# Visual Studio 15
VisualStudioVersion = 15.0.26730.16
MinimumVisualStudioVersion = 10.0.40219.1
Project("{FAE04EC0-301F-11D3-BF4B-00C04F79EFBC}") = "01 Draw Fort", "01 Draw Fort\01 Draw Fort.csproj", "{B9A24F09-BA66-443D-A514-91E4234AD667}"
EndProject
Project("{FAE04EC0-301F-11D3-BF4B-00C04F79EFBC}") = "00 test", "00 test\00 test.csproj", "{884742C9-3432-4DB0-BC50-B44E72B9FBA0}"
EndProject
Project("{FAE04EC0-301F-11D3-BF4B-00C04F79EFBC}") = "00 test 2", "00 test 2\00 test 2.csproj", "{09BD89D9-B806-4A7B-B90D-F774AC456A1A}"
EndProject
Project("{FAE04EC0-301F-11D3-BF4B-00C04F79EFBC}") = "02 Butterfly", "02 Butterfly\02 Butterfly.csproj", "{A353F24E-D4F6-4355-8B8C-24F35D91FE8D}"
EndProject
Project("{FAE04EC0-301F-11D3-BF4B-00C04F79EFBC}") = "03 Sign_Stop", "03 Sign_Stop\03 Sign_Stop.csproj", "{37C334DD-4D01-4948-8818-EF8C94A6DE78}"
EndProject
Project("{FAE04EC0-301F-11D3-BF4B-00C04F79EFBC}") = "04 Fox", "04 Fox\04 Fox.csproj", "{4C23029B-3532-4AC9-B134-7A8875166808}"
EndProject
Project("{FAE04EC0-301F-11D3-BF4B-00C04F79EFBC}") = "05 Sheriff", "05 Sheriff\05 Sheriff.csproj", "{923BA25D-5DE2-46D0-B817-E8747B3D5DB2}"
EndProject
Project("{FAE04EC0-301F-11D3-BF4B-00C04F79EFBC}") = "06 Snowflake", "06 Snowflake\06 Snowflake.csproj", "{87D773C5-B763-44E9-B706-7444D0DB7147}"
EndProject
Project("{FAE04EC0-301F-11D3-BF4B-00C04F79EFBC}") = "07 Cup", "07 Cup\07 Cup.csproj", "{0AE1E417-798C-44FE-ACD2-229642E171F0}"
EndProject
Project("{FAE04EC0-301F-11D3-BF4B-00C04F79EFBC}") = "07 02 Cup", "07 02 Cup\07 02 Cup.csproj", "{11294E6F-A4FC-43BA-8E40-CED5B11CB78A}"
EndProject
Project("{FAE04EC0-301F-11D3-BF4B-00C04F79EFBC}") = "08 Triangle", "08 Triangle\08 Triangle.csproj", "{77EDE9C7-FD5C-4C37-A73C-7D968AC57837}"
EndProject
Global
	GlobalSection(SolutionConfigurationPlatforms) = preSolution
		Debug|Any CPU = Debug|Any CPU
		Release|Any CPU = Release|Any CPU
	EndGlobalSection
	GlobalSection(ProjectConfigurationPlatforms) = postSolution
		{B9A24F09-BA66-443D-A514-91E4234AD667}.Debug|Any CPU.ActiveCfg = Debug|Any CPU
		{B9A24F09-BA66-443D-A514-91E4234AD667}.Debug|Any CPU.Build.0 = Debug|Any CPU
		{B9A24F09-BA66-443D-A514-91E4234AD667}.Release|Any CPU.ActiveCfg = Release|Any CPU
		{B9A24F09-BA66-443D-A514-91E4234AD667}.Release|Any CPU.Build.0 = Release|Any CPU
		{884742C9-3432-4DB0-BC50-B44E72B9FBA0}.Debug|Any CPU.ActiveCfg = Debug|Any CPU
		{884742C9-3432-4DB0-BC50-B44E72B9FBA0}.Debug|Any CPU.Build.0 = Debug|Any CPU
		{884742C9-3432-4DB0-BC50-B44E72B9FBA0}.Release|Any CPU.ActiveCfg = Release|Any CPU
		{884742C9-3432-4DB0-BC50-B44E72B9FBA0}.Release|Any CPU.Build.0 = Release|Any CPU
		{09BD89D9-B806-4A7B-B90D-F774AC456A1A}.Debug|Any CPU.ActiveCfg = Debug|Any CPU
		{09BD89D9-B806-4A7B-B90D-F774AC456A1A}.Debug|Any CPU.Build.0 = Debug|Any CPU
		{09BD89D9-B806-4A7B-B90D-F774AC456A1A}.Release|Any CPU.ActiveCfg = Release|Any CPU
		{09BD89D9-B806-4A7B-B90D-F774AC456A1A}.Release|Any CPU.Build.0 = Release|Any CPU
		{A353F24E-D4F6-4355-8B8C-24F35D91FE8D}.Debug|Any CPU.ActiveCfg = Debug|Any CPU
		{A353F24E-D4F6-4355-8B8C-24F35D91FE8D}.Debug|Any CPU.Build.0 = Debug|Any CPU
		{A353F24E-D4F6-4355-8B8C-24F35D91FE8D}.Release|Any CPU.ActiveCfg = Release|Any CPU
		{A353F24E-D4F6-4355-8B8C-24F35D91FE8D}.Release|Any CPU.Build.0 = Release|Any CPU
		{37C334DD-4D01-4948-8818-EF8C94A6DE78}.Debug|Any CPU.ActiveCfg = Debug|Any CPU
		{37C334DD-4D01-4948-8818-EF8C94A6DE78}.Debug|Any CPU.Build.0 = Debug|Any CPU
		{37C334DD-4D01-4948-8818-EF8C94A6DE78}.Release|Any CPU.ActiveCfg = Release|Any CPU
		{37C334DD-4D01-4948-8818-EF8C94A6DE78}.Release|Any CPU.Build.0 = Release|Any CPU
		{4C23029B-3532-4AC9-B134-7A8875166808}.Debug|Any CPU.ActiveCfg = Debug|Any CPU
		{4C23029B-3532-4AC9-B134-7A8875166808}.Debug|Any CPU.Build.0 = Debug|Any CPU
		{4C23029B-3532-4AC9-B134-7A8875166808}.Release|Any CPU.ActiveCfg = Release|Any CPU
		{4C23029B-3532-4AC9-B134-7A8875166808}.Release|Any CPU.Build.0 = Release|Any CPU
		{923BA25D-5DE2-46D0-B817-E8747B3D5DB2}.Debug|Any CPU.ActiveCfg = Debug|Any CPU
		{923BA25D-5DE2-46D0-B817-E8747B3D5DB2}.Debug|Any CPU.Build.0 = Debug|Any CPU
		{923BA25D-5DE2-46D0-B817-E8747B3D5DB2}.Release|Any CPU.ActiveCfg = Release|Any CPU
		{923BA25D-5DE2-46D0-B817-E8747B3D5DB2}.Release|Any CPU.Build.0 = Release|Any CPU
		{87D773C5-B763-44E9-B706-7444D0DB7147}.Debug|Any CPU.ActiveCfg = Debug|Any CPU
		{87D773C5-B763-44E9-B706-7444D0DB7147}.Debug|Any CPU.Build.0 = Debug|Any CPU
		{87D773C5-B763-44E9-B706-7444D0DB7147}.Release|Any CPU.ActiveCfg = Release|Any CPU
		{87D773C5-B763-44E9-B706-7444D0DB7147}.Release|Any CPU.Build.0 = Release|Any CPU
		{0AE1E417-798C-44FE-ACD2-229642E171F0}.Debug|Any CPU.ActiveCfg = Debug|Any CPU
		{0AE1E417-798C-44FE-ACD2-229642E171F0}.Debug|Any CPU.Build.0 = Debug|Any CPU
		{0AE1E417-798C-44FE-ACD2-229642E171F0}.Release|Any CPU.ActiveCfg = Release|Any CPU
		{0AE1E417-798C-44FE-ACD2-229642E171F0}.Release|Any CPU.Build.0 = Release|Any CPU
		{11294E6F-A4FC-43BA-8E40-CED5B11CB78A}.Debug|Any CPU.ActiveCfg = Debug|Any CPU
		{11294E6F-A4FC-43BA-8E40-CED5B11CB78A}.Debug|Any CPU.Build.0 = Debug|Any CPU
		{11294E6F-A4FC-43BA-8E40-CED5B11CB78A}.Release|Any CPU.ActiveCfg = Release|Any CPU
		{11294E6F-A4FC-43BA-8E40-CED5B11CB78A}.Release|Any CPU.Build.0 = Release|Any CPU
		{77EDE9C7-FD5C-4C37-A73C-7D968AC57837}.Debug|Any CPU.ActiveCfg = Debug|Any CPU
		{77EDE9C7-FD5C-4C37-A73C-7D968AC57837}.Debug|Any CPU.Build.0 = Debug|Any CPU
		{77EDE9C7-FD5C-4C37-A73C-7D968AC57837}.Release|Any CPU.ActiveCfg = Release|Any CPU
		{77EDE9C7-FD5C-4C37-A73C-7D968AC57837}.Release|Any CPU.Build.0 = Release|Any CPU
	EndGlobalSection
	GlobalSection(SolutionProperties) = preSolution
		HideSolutionNode = FALSE
	EndGlobalSection
	GlobalSection(ExtensibilityGlobals) = postSolution
		SolutionGuid = {10364C9F-1D60-4F17-99A9-F08E5306DF63}
	EndGlobalSection
EndGlobal
