
Microsoft Visual Studio Solution File, Format Version 12.00
# Visual Studio 15
VisualStudioVersion = 15.0.27428.2015
MinimumVisualStudioVersion = 10.0.40219.1
Project("{FAE04EC0-301F-11D3-BF4B-00C04F79EFBC}") = "LearningSystem.Web", "LearningSystem.Web\LearningSystem.Web.csproj", "{F525B91C-5872-433C-B13D-85AAB56708B4}"
EndProject
Project("{FAE04EC0-301F-11D3-BF4B-00C04F79EFBC}") = "LearningSystem.Data", "LearningSystem.Data\LearningSystem.Data.csproj", "{17A1EE6C-0099-46E2-A689-534546830761}"
EndProject
Project("{FAE04EC0-301F-11D3-BF4B-00C04F79EFBC}") = "LearningSystem.Service", "LearningSystem.Service\LearningSystem.Service.csproj", "{F2DBDD34-35DA-4B52-8C75-CEFAE8E41730}"
EndProject
Project("{FAE04EC0-301F-11D3-BF4B-00C04F79EFBC}") = "LearningSystem.Constants", "LearningSystem.Constants\LearningSystem.Constants.csproj", "{6FB06804-5941-4764-A327-EED392C5166E}"
EndProject
Project("{FAE04EC0-301F-11D3-BF4B-00C04F79EFBC}") = "LearningSystem.Common", "LearningSystem.Common\LearningSystem.Common.csproj", "{50E31A59-748B-4B06-92EB-43E2A207FB4E}"
EndProject
Global
	GlobalSection(SolutionConfigurationPlatforms) = preSolution
		Debug|Any CPU = Debug|Any CPU
		Release|Any CPU = Release|Any CPU
	EndGlobalSection
	GlobalSection(ProjectConfigurationPlatforms) = postSolution
		{F525B91C-5872-433C-B13D-85AAB56708B4}.Debug|Any CPU.ActiveCfg = Debug|Any CPU
		{F525B91C-5872-433C-B13D-85AAB56708B4}.Debug|Any CPU.Build.0 = Debug|Any CPU
		{F525B91C-5872-433C-B13D-85AAB56708B4}.Release|Any CPU.ActiveCfg = Release|Any CPU
		{F525B91C-5872-433C-B13D-85AAB56708B4}.Release|Any CPU.Build.0 = Release|Any CPU
		{17A1EE6C-0099-46E2-A689-534546830761}.Debug|Any CPU.ActiveCfg = Debug|Any CPU
		{17A1EE6C-0099-46E2-A689-534546830761}.Debug|Any CPU.Build.0 = Debug|Any CPU
		{17A1EE6C-0099-46E2-A689-534546830761}.Release|Any CPU.ActiveCfg = Release|Any CPU
		{17A1EE6C-0099-46E2-A689-534546830761}.Release|Any CPU.Build.0 = Release|Any CPU
		{F2DBDD34-35DA-4B52-8C75-CEFAE8E41730}.Debug|Any CPU.ActiveCfg = Debug|Any CPU
		{F2DBDD34-35DA-4B52-8C75-CEFAE8E41730}.Debug|Any CPU.Build.0 = Debug|Any CPU
		{F2DBDD34-35DA-4B52-8C75-CEFAE8E41730}.Release|Any CPU.ActiveCfg = Release|Any CPU
		{F2DBDD34-35DA-4B52-8C75-CEFAE8E41730}.Release|Any CPU.Build.0 = Release|Any CPU
		{6FB06804-5941-4764-A327-EED392C5166E}.Debug|Any CPU.ActiveCfg = Debug|Any CPU
		{6FB06804-5941-4764-A327-EED392C5166E}.Debug|Any CPU.Build.0 = Debug|Any CPU
		{6FB06804-5941-4764-A327-EED392C5166E}.Release|Any CPU.ActiveCfg = Release|Any CPU
		{6FB06804-5941-4764-A327-EED392C5166E}.Release|Any CPU.Build.0 = Release|Any CPU
		{50E31A59-748B-4B06-92EB-43E2A207FB4E}.Debug|Any CPU.ActiveCfg = Debug|Any CPU
		{50E31A59-748B-4B06-92EB-43E2A207FB4E}.Debug|Any CPU.Build.0 = Debug|Any CPU
		{50E31A59-748B-4B06-92EB-43E2A207FB4E}.Release|Any CPU.ActiveCfg = Release|Any CPU
		{50E31A59-748B-4B06-92EB-43E2A207FB4E}.Release|Any CPU.Build.0 = Release|Any CPU
	EndGlobalSection
	GlobalSection(SolutionProperties) = preSolution
		HideSolutionNode = FALSE
	EndGlobalSection
	GlobalSection(ExtensibilityGlobals) = postSolution
		SolutionGuid = {C661B77E-CF98-4906-AC44-641AA9EECCE3}
	EndGlobalSection
EndGlobal
