
Microsoft Visual Studio Solution File, Format Version 12.00
# Visual Studio 15
VisualStudioVersion = 15.0.27130.2026
MinimumVisualStudioVersion = 10.0.40219.1
Project("{FAE04EC0-301F-11D3-BF4B-00C04F79EFBC}") = "L01 Person", "L01 - 03 Problem Solving\L01 Person.csproj", "{C75C441E-9FEE-4E8A-8137-22B69B3FF7E4}"
EndProject
Project("{FAE04EC0-301F-11D3-BF4B-00C04F79EFBC}") = "L02 Book Shop", "L02 Book\L02 Book Shop.csproj", "{F028EC33-A0F4-4030-95D6-B8E93D30461B}"
EndProject
Project("{FAE04EC0-301F-11D3-BF4B-00C04F79EFBC}") = "L03 Mankind", "L03 Mankind\L03 Mankind.csproj", "{E01D831A-F4BE-419A-9FD9-069460DA987C}"
EndProject
Global
	GlobalSection(SolutionConfigurationPlatforms) = preSolution
		Debug|Any CPU = Debug|Any CPU
		Release|Any CPU = Release|Any CPU
	EndGlobalSection
	GlobalSection(ProjectConfigurationPlatforms) = postSolution
		{C75C441E-9FEE-4E8A-8137-22B69B3FF7E4}.Debug|Any CPU.ActiveCfg = Debug|Any CPU
		{C75C441E-9FEE-4E8A-8137-22B69B3FF7E4}.Debug|Any CPU.Build.0 = Debug|Any CPU
		{C75C441E-9FEE-4E8A-8137-22B69B3FF7E4}.Release|Any CPU.ActiveCfg = Release|Any CPU
		{C75C441E-9FEE-4E8A-8137-22B69B3FF7E4}.Release|Any CPU.Build.0 = Release|Any CPU
		{F028EC33-A0F4-4030-95D6-B8E93D30461B}.Debug|Any CPU.ActiveCfg = Debug|Any CPU
		{F028EC33-A0F4-4030-95D6-B8E93D30461B}.Debug|Any CPU.Build.0 = Debug|Any CPU
		{F028EC33-A0F4-4030-95D6-B8E93D30461B}.Release|Any CPU.ActiveCfg = Release|Any CPU
		{F028EC33-A0F4-4030-95D6-B8E93D30461B}.Release|Any CPU.Build.0 = Release|Any CPU
		{E01D831A-F4BE-419A-9FD9-069460DA987C}.Debug|Any CPU.ActiveCfg = Debug|Any CPU
		{E01D831A-F4BE-419A-9FD9-069460DA987C}.Debug|Any CPU.Build.0 = Debug|Any CPU
		{E01D831A-F4BE-419A-9FD9-069460DA987C}.Release|Any CPU.ActiveCfg = Release|Any CPU
		{E01D831A-F4BE-419A-9FD9-069460DA987C}.Release|Any CPU.Build.0 = Release|Any CPU
	EndGlobalSection
	GlobalSection(SolutionProperties) = preSolution
		HideSolutionNode = FALSE
	EndGlobalSection
	GlobalSection(ExtensibilityGlobals) = postSolution
		SolutionGuid = {E6C84704-4CCB-42AB-B7D0-122249CF91BC}
	EndGlobalSection
EndGlobal
