
Microsoft Visual Studio Solution File, Format Version 12.00
# Visual Studio 15
VisualStudioVersion = 15.0.27004.2010
MinimumVisualStudioVersion = 10.0.40219.1
Project("{FAE04EC0-301F-11D3-BF4B-00C04F79EFBC}") = "01 SumOfAllElementsOfMatrix", "01 SumOfAllElementsOfMatrix\01 SumOfAllElementsOfMatrix.csproj", "{C0554FD7-890D-448E-9BA3-AFAFABF67BEF}"
EndProject
Project("{FAE04EC0-301F-11D3-BF4B-00C04F79EFBC}") = "02 SquareWithMaximumSum", "02 SquareWithMaximumSum\02 SquareWithMaximumSum.csproj", "{4EE8DE83-5253-43DE-9BC7-9C8A5FD8A1D0}"
EndProject
Project("{FAE04EC0-301F-11D3-BF4B-00C04F79EFBC}") = "03 GroupNumbers", "03 GroupNumbers\03 GroupNumbers.csproj", "{C32ED89F-D8D0-408B-96C6-C554DFF14EFB}"
EndProject
Project("{FAE04EC0-301F-11D3-BF4B-00C04F79EFBC}") = "04 PascalTriangle", "04 PascalTriangle\04 PascalTriangle.csproj", "{8FDA4FBE-0446-4089-9191-DBF3EF7B1F6A}"
EndProject
Project("{FAE04EC0-301F-11D3-BF4B-00C04F79EFBC}") = "00 test 01", "00 test 01\00 test 01.csproj", "{AB91900F-0234-44ED-8236-9C90C214BBBF}"
EndProject
Project("{FAE04EC0-301F-11D3-BF4B-00C04F79EFBC}") = "00 test 02", "00 test 02\00 test 02.csproj", "{5E19D22D-EE9F-4E12-B880-9EBFFCE68801}"
EndProject
Project("{FAE04EC0-301F-11D3-BF4B-00C04F79EFBC}") = "00 test 03", "00 test 03\00 test 03.csproj", "{061A5F6E-62E3-4D24-97B5-F79893916AEA}"
EndProject
Project("{FAE04EC0-301F-11D3-BF4B-00C04F79EFBC}") = "00 test 04", "00 test 04\00 test 04.csproj", "{80E2FC2C-D743-4555-B53C-03B36089E341}"
EndProject
Project("{FAE04EC0-301F-11D3-BF4B-00C04F79EFBC}") = "01.02 SumOfAllElementsOfMatrix", "01.02 SumOfAllElementsOfMatrix\01.02 SumOfAllElementsOfMatrix.csproj", "{C1363DE5-50C5-45E0-A57E-72999E04111B}"
EndProject
Project("{FAE04EC0-301F-11D3-BF4B-00C04F79EFBC}") = "03.02 GroupNumbers", "03.02 GroupNumbers\03.02 GroupNumbers.csproj", "{7C275767-DEE8-43E5-8F53-FDC3717CDE55}"
EndProject
Project("{FAE04EC0-301F-11D3-BF4B-00C04F79EFBC}") = "03.03 GroupNumbers", "03.03 GroupNumbers\03.03 GroupNumbers.csproj", "{07316006-80F1-4F0F-8608-9A953316E6A6}"
EndProject
Global
	GlobalSection(SolutionConfigurationPlatforms) = preSolution
		Debug|Any CPU = Debug|Any CPU
		Release|Any CPU = Release|Any CPU
	EndGlobalSection
	GlobalSection(ProjectConfigurationPlatforms) = postSolution
		{C0554FD7-890D-448E-9BA3-AFAFABF67BEF}.Debug|Any CPU.ActiveCfg = Debug|Any CPU
		{C0554FD7-890D-448E-9BA3-AFAFABF67BEF}.Debug|Any CPU.Build.0 = Debug|Any CPU
		{C0554FD7-890D-448E-9BA3-AFAFABF67BEF}.Release|Any CPU.ActiveCfg = Release|Any CPU
		{C0554FD7-890D-448E-9BA3-AFAFABF67BEF}.Release|Any CPU.Build.0 = Release|Any CPU
		{4EE8DE83-5253-43DE-9BC7-9C8A5FD8A1D0}.Debug|Any CPU.ActiveCfg = Debug|Any CPU
		{4EE8DE83-5253-43DE-9BC7-9C8A5FD8A1D0}.Debug|Any CPU.Build.0 = Debug|Any CPU
		{4EE8DE83-5253-43DE-9BC7-9C8A5FD8A1D0}.Release|Any CPU.ActiveCfg = Release|Any CPU
		{4EE8DE83-5253-43DE-9BC7-9C8A5FD8A1D0}.Release|Any CPU.Build.0 = Release|Any CPU
		{C32ED89F-D8D0-408B-96C6-C554DFF14EFB}.Debug|Any CPU.ActiveCfg = Debug|Any CPU
		{C32ED89F-D8D0-408B-96C6-C554DFF14EFB}.Debug|Any CPU.Build.0 = Debug|Any CPU
		{C32ED89F-D8D0-408B-96C6-C554DFF14EFB}.Release|Any CPU.ActiveCfg = Release|Any CPU
		{C32ED89F-D8D0-408B-96C6-C554DFF14EFB}.Release|Any CPU.Build.0 = Release|Any CPU
		{8FDA4FBE-0446-4089-9191-DBF3EF7B1F6A}.Debug|Any CPU.ActiveCfg = Debug|Any CPU
		{8FDA4FBE-0446-4089-9191-DBF3EF7B1F6A}.Debug|Any CPU.Build.0 = Debug|Any CPU
		{8FDA4FBE-0446-4089-9191-DBF3EF7B1F6A}.Release|Any CPU.ActiveCfg = Release|Any CPU
		{8FDA4FBE-0446-4089-9191-DBF3EF7B1F6A}.Release|Any CPU.Build.0 = Release|Any CPU
		{AB91900F-0234-44ED-8236-9C90C214BBBF}.Debug|Any CPU.ActiveCfg = Debug|Any CPU
		{AB91900F-0234-44ED-8236-9C90C214BBBF}.Debug|Any CPU.Build.0 = Debug|Any CPU
		{AB91900F-0234-44ED-8236-9C90C214BBBF}.Release|Any CPU.ActiveCfg = Release|Any CPU
		{AB91900F-0234-44ED-8236-9C90C214BBBF}.Release|Any CPU.Build.0 = Release|Any CPU
		{5E19D22D-EE9F-4E12-B880-9EBFFCE68801}.Debug|Any CPU.ActiveCfg = Debug|Any CPU
		{5E19D22D-EE9F-4E12-B880-9EBFFCE68801}.Debug|Any CPU.Build.0 = Debug|Any CPU
		{5E19D22D-EE9F-4E12-B880-9EBFFCE68801}.Release|Any CPU.ActiveCfg = Release|Any CPU
		{5E19D22D-EE9F-4E12-B880-9EBFFCE68801}.Release|Any CPU.Build.0 = Release|Any CPU
		{061A5F6E-62E3-4D24-97B5-F79893916AEA}.Debug|Any CPU.ActiveCfg = Debug|Any CPU
		{061A5F6E-62E3-4D24-97B5-F79893916AEA}.Debug|Any CPU.Build.0 = Debug|Any CPU
		{061A5F6E-62E3-4D24-97B5-F79893916AEA}.Release|Any CPU.ActiveCfg = Release|Any CPU
		{061A5F6E-62E3-4D24-97B5-F79893916AEA}.Release|Any CPU.Build.0 = Release|Any CPU
		{80E2FC2C-D743-4555-B53C-03B36089E341}.Debug|Any CPU.ActiveCfg = Debug|Any CPU
		{80E2FC2C-D743-4555-B53C-03B36089E341}.Debug|Any CPU.Build.0 = Debug|Any CPU
		{80E2FC2C-D743-4555-B53C-03B36089E341}.Release|Any CPU.ActiveCfg = Release|Any CPU
		{80E2FC2C-D743-4555-B53C-03B36089E341}.Release|Any CPU.Build.0 = Release|Any CPU
		{C1363DE5-50C5-45E0-A57E-72999E04111B}.Debug|Any CPU.ActiveCfg = Debug|Any CPU
		{C1363DE5-50C5-45E0-A57E-72999E04111B}.Debug|Any CPU.Build.0 = Debug|Any CPU
		{C1363DE5-50C5-45E0-A57E-72999E04111B}.Release|Any CPU.ActiveCfg = Release|Any CPU
		{C1363DE5-50C5-45E0-A57E-72999E04111B}.Release|Any CPU.Build.0 = Release|Any CPU
		{7C275767-DEE8-43E5-8F53-FDC3717CDE55}.Debug|Any CPU.ActiveCfg = Debug|Any CPU
		{7C275767-DEE8-43E5-8F53-FDC3717CDE55}.Debug|Any CPU.Build.0 = Debug|Any CPU
		{7C275767-DEE8-43E5-8F53-FDC3717CDE55}.Release|Any CPU.ActiveCfg = Release|Any CPU
		{7C275767-DEE8-43E5-8F53-FDC3717CDE55}.Release|Any CPU.Build.0 = Release|Any CPU
		{07316006-80F1-4F0F-8608-9A953316E6A6}.Debug|Any CPU.ActiveCfg = Debug|Any CPU
		{07316006-80F1-4F0F-8608-9A953316E6A6}.Debug|Any CPU.Build.0 = Debug|Any CPU
		{07316006-80F1-4F0F-8608-9A953316E6A6}.Release|Any CPU.ActiveCfg = Release|Any CPU
		{07316006-80F1-4F0F-8608-9A953316E6A6}.Release|Any CPU.Build.0 = Release|Any CPU
	EndGlobalSection
	GlobalSection(SolutionProperties) = preSolution
		HideSolutionNode = FALSE
	EndGlobalSection
	GlobalSection(ExtensibilityGlobals) = postSolution
		SolutionGuid = {4DB46988-0E71-4B56-8184-FC0C95C3A310}
	EndGlobalSection
EndGlobal
