
Microsoft Visual Studio Solution File, Format Version 12.00
# Visual Studio 15
VisualStudioVersion = 15.0.27130.2010
MinimumVisualStudioVersion = 10.0.40219.1
Project("{FAE04EC0-301F-11D3-BF4B-00C04F79EFBC}") = "01. Cubic Artillery", "01. Cubic Artillery\01. Cubic Artillery.csproj", "{60E4B5CE-3AC1-4D68-A7C2-08011E2435AF}"
EndProject
Project("{FAE04EC0-301F-11D3-BF4B-00C04F79EFBC}") = "02. Cubic's Rube", "02. Cubic's Rube\02. Cubic's Rube.csproj", "{0AC0B557-9838-4A3C-82ED-C374D6EA886B}"
EndProject
Project("{FAE04EC0-301F-11D3-BF4B-00C04F79EFBC}") = "03. Cubic Messages", "03. Cubic Messages\03. Cubic Messages.csproj", "{E1460503-2795-412B-B574-097DD8698F19}"
EndProject
Project("{FAE04EC0-301F-11D3-BF4B-00C04F79EFBC}") = "04. Cubic Assault", "04. Cubic Assault\04. Cubic Assault.csproj", "{6B45D1A3-69FD-42E6-A2BC-9011750A1BDB}"
EndProject
Project("{FAE04EC0-301F-11D3-BF4B-00C04F79EFBC}") = "00 test 01", "00 test 01\00 test 01.csproj", "{5F790E5E-BB77-44B7-AD61-0449CC9C20B9}"
EndProject
Global
	GlobalSection(SolutionConfigurationPlatforms) = preSolution
		Debug|Any CPU = Debug|Any CPU
		Release|Any CPU = Release|Any CPU
	EndGlobalSection
	GlobalSection(ProjectConfigurationPlatforms) = postSolution
		{60E4B5CE-3AC1-4D68-A7C2-08011E2435AF}.Debug|Any CPU.ActiveCfg = Debug|Any CPU
		{60E4B5CE-3AC1-4D68-A7C2-08011E2435AF}.Debug|Any CPU.Build.0 = Debug|Any CPU
		{60E4B5CE-3AC1-4D68-A7C2-08011E2435AF}.Release|Any CPU.ActiveCfg = Release|Any CPU
		{60E4B5CE-3AC1-4D68-A7C2-08011E2435AF}.Release|Any CPU.Build.0 = Release|Any CPU
		{0AC0B557-9838-4A3C-82ED-C374D6EA886B}.Debug|Any CPU.ActiveCfg = Debug|Any CPU
		{0AC0B557-9838-4A3C-82ED-C374D6EA886B}.Debug|Any CPU.Build.0 = Debug|Any CPU
		{0AC0B557-9838-4A3C-82ED-C374D6EA886B}.Release|Any CPU.ActiveCfg = Release|Any CPU
		{0AC0B557-9838-4A3C-82ED-C374D6EA886B}.Release|Any CPU.Build.0 = Release|Any CPU
		{E1460503-2795-412B-B574-097DD8698F19}.Debug|Any CPU.ActiveCfg = Debug|Any CPU
		{E1460503-2795-412B-B574-097DD8698F19}.Debug|Any CPU.Build.0 = Debug|Any CPU
		{E1460503-2795-412B-B574-097DD8698F19}.Release|Any CPU.ActiveCfg = Release|Any CPU
		{E1460503-2795-412B-B574-097DD8698F19}.Release|Any CPU.Build.0 = Release|Any CPU
		{6B45D1A3-69FD-42E6-A2BC-9011750A1BDB}.Debug|Any CPU.ActiveCfg = Debug|Any CPU
		{6B45D1A3-69FD-42E6-A2BC-9011750A1BDB}.Debug|Any CPU.Build.0 = Debug|Any CPU
		{6B45D1A3-69FD-42E6-A2BC-9011750A1BDB}.Release|Any CPU.ActiveCfg = Release|Any CPU
		{6B45D1A3-69FD-42E6-A2BC-9011750A1BDB}.Release|Any CPU.Build.0 = Release|Any CPU
		{5F790E5E-BB77-44B7-AD61-0449CC9C20B9}.Debug|Any CPU.ActiveCfg = Debug|Any CPU
		{5F790E5E-BB77-44B7-AD61-0449CC9C20B9}.Debug|Any CPU.Build.0 = Debug|Any CPU
		{5F790E5E-BB77-44B7-AD61-0449CC9C20B9}.Release|Any CPU.ActiveCfg = Release|Any CPU
		{5F790E5E-BB77-44B7-AD61-0449CC9C20B9}.Release|Any CPU.Build.0 = Release|Any CPU
	EndGlobalSection
	GlobalSection(SolutionProperties) = preSolution
		HideSolutionNode = FALSE
	EndGlobalSection
	GlobalSection(ExtensibilityGlobals) = postSolution
		SolutionGuid = {EBCA2C47-4FC8-4165-8A31-E1397C49F374}
	EndGlobalSection
EndGlobal
