
Microsoft Visual Studio Solution File, Format Version 12.00
# Visual Studio 15
VisualStudioVersion = 15.0.27130.2020
MinimumVisualStudioVersion = 10.0.40219.1
Project("{FAE04EC0-301F-11D3-BF4B-00C04F79EFBC}") = "E01 Need for Speed", "E01 Need for Speed\E01 Need for Speed.csproj", "{9211D75F-DA25-4A50-8075-2432FF247AA1}"
EndProject
Global
	GlobalSection(SolutionConfigurationPlatforms) = preSolution
		Debug|Any CPU = Debug|Any CPU
		Release|Any CPU = Release|Any CPU
	EndGlobalSection
	GlobalSection(ProjectConfigurationPlatforms) = postSolution
		{9211D75F-DA25-4A50-8075-2432FF247AA1}.Debug|Any CPU.ActiveCfg = Debug|Any CPU
		{9211D75F-DA25-4A50-8075-2432FF247AA1}.Debug|Any CPU.Build.0 = Debug|Any CPU
		{9211D75F-DA25-4A50-8075-2432FF247AA1}.Release|Any CPU.ActiveCfg = Release|Any CPU
		{9211D75F-DA25-4A50-8075-2432FF247AA1}.Release|Any CPU.Build.0 = Release|Any CPU
	EndGlobalSection
	GlobalSection(SolutionProperties) = preSolution
		HideSolutionNode = FALSE
	EndGlobalSection
	GlobalSection(ExtensibilityGlobals) = postSolution
		SolutionGuid = {2724D332-DFD8-4FC3-B8F4-A05787D59AAE}
	EndGlobalSection
EndGlobal
