
Microsoft Visual Studio Solution File, Format Version 12.00
# Visual Studio 15
VisualStudioVersion = 15.0.27004.2009
MinimumVisualStudioVersion = 10.0.40219.1
Project("{FAE04EC0-301F-11D3-BF4B-00C04F79EFBC}") = "01. CharityMaratho", "01. CharityMaratho\01. CharityMaratho.csproj", "{FD351062-F9F5-46FA-8C5D-4DEE3AA45382}"
EndProject
Project("{FAE04EC0-301F-11D3-BF4B-00C04F79EFBC}") = "02. Ladybugs", "02. Ladybugs\02. Ladybugs.csproj", "{02EEAEEE-B6A2-4566-8C73-A39F2EE2EA51}"
EndProject
Project("{FAE04EC0-301F-11D3-BF4B-00C04F79EFBC}") = "03. Nether Realms", "03. Nether Realms\03. Nether Realms.csproj", "{C0283554-B8FA-4986-80B5-CF0D9B983FE8}"
EndProject
Project("{FAE04EC0-301F-11D3-BF4B-00C04F79EFBC}") = "04. Roli The Coder", "04. Roli The Coder\04. Roli The Coder.csproj", "{6DBED7FA-E5CE-4AFB-98FE-F58FB56EF5D5}"
EndProject
Global
	GlobalSection(SolutionConfigurationPlatforms) = preSolution
		Debug|Any CPU = Debug|Any CPU
		Release|Any CPU = Release|Any CPU
	EndGlobalSection
	GlobalSection(ProjectConfigurationPlatforms) = postSolution
		{FD351062-F9F5-46FA-8C5D-4DEE3AA45382}.Debug|Any CPU.ActiveCfg = Debug|Any CPU
		{FD351062-F9F5-46FA-8C5D-4DEE3AA45382}.Debug|Any CPU.Build.0 = Debug|Any CPU
		{FD351062-F9F5-46FA-8C5D-4DEE3AA45382}.Release|Any CPU.ActiveCfg = Release|Any CPU
		{FD351062-F9F5-46FA-8C5D-4DEE3AA45382}.Release|Any CPU.Build.0 = Release|Any CPU
		{02EEAEEE-B6A2-4566-8C73-A39F2EE2EA51}.Debug|Any CPU.ActiveCfg = Debug|Any CPU
		{02EEAEEE-B6A2-4566-8C73-A39F2EE2EA51}.Debug|Any CPU.Build.0 = Debug|Any CPU
		{02EEAEEE-B6A2-4566-8C73-A39F2EE2EA51}.Release|Any CPU.ActiveCfg = Release|Any CPU
		{02EEAEEE-B6A2-4566-8C73-A39F2EE2EA51}.Release|Any CPU.Build.0 = Release|Any CPU
		{C0283554-B8FA-4986-80B5-CF0D9B983FE8}.Debug|Any CPU.ActiveCfg = Debug|Any CPU
		{C0283554-B8FA-4986-80B5-CF0D9B983FE8}.Debug|Any CPU.Build.0 = Debug|Any CPU
		{C0283554-B8FA-4986-80B5-CF0D9B983FE8}.Release|Any CPU.ActiveCfg = Release|Any CPU
		{C0283554-B8FA-4986-80B5-CF0D9B983FE8}.Release|Any CPU.Build.0 = Release|Any CPU
		{6DBED7FA-E5CE-4AFB-98FE-F58FB56EF5D5}.Debug|Any CPU.ActiveCfg = Debug|Any CPU
		{6DBED7FA-E5CE-4AFB-98FE-F58FB56EF5D5}.Debug|Any CPU.Build.0 = Debug|Any CPU
		{6DBED7FA-E5CE-4AFB-98FE-F58FB56EF5D5}.Release|Any CPU.ActiveCfg = Release|Any CPU
		{6DBED7FA-E5CE-4AFB-98FE-F58FB56EF5D5}.Release|Any CPU.Build.0 = Release|Any CPU
	EndGlobalSection
	GlobalSection(SolutionProperties) = preSolution
		HideSolutionNode = FALSE
	EndGlobalSection
	GlobalSection(ExtensibilityGlobals) = postSolution
		SolutionGuid = {05F1E07B-CCFF-4A8B-A9E6-E12DC8287800}
	EndGlobalSection
EndGlobal
