
Microsoft Visual Studio Solution File, Format Version 12.00
# Visual Studio 15
VisualStudioVersion = 15.0.27130.2003
MinimumVisualStudioVersion = 10.0.40219.1
Project("{FAE04EC0-301F-11D3-BF4B-00C04F79EFBC}") = "01. Reverse String", "01. Reverse String\01. Reverse String.csproj", "{0A11D8F6-C8EF-480D-B6A5-55B9813B08DF}"
EndProject
Project("{FAE04EC0-301F-11D3-BF4B-00C04F79EFBC}") = "02. String Length", "02. String Length\02. String Length.csproj", "{3D7B7D11-2F62-4E14-99A9-00C7E8C27CD1}"
EndProject
Project("{FAE04EC0-301F-11D3-BF4B-00C04F79EFBC}") = "03. Formatting Numbers", "03. Formatting Numbers\03. Formatting Numbers.csproj", "{220EEF7C-C786-43B0-9042-0FD885E449B7}"
EndProject
Project("{FAE04EC0-301F-11D3-BF4B-00C04F79EFBC}") = "04. Convert from base-10 to base-N", "04. Convert from base-10 to base-N\04. Convert from base-10 to base-N.csproj", "{2F8B1D67-B453-4C3F-8EB8-B76A07450161}"
EndProject
Project("{FAE04EC0-301F-11D3-BF4B-00C04F79EFBC}") = "05. Convert from base-N to base-10", "05. Convert from base-N to base-10\05. Convert from base-N to base-10.csproj", "{EA5CBEB6-61FC-444B-8E6F-B271FACB5547}"
EndProject
Project("{FAE04EC0-301F-11D3-BF4B-00C04F79EFBC}") = "06. Count Substring Occurrences", "06. Count Substring Occurrences\06. Count Substring Occurrences.csproj", "{E79B9E3A-953F-4C45-B997-FA89F5EC9DE4}"
EndProject
Project("{FAE04EC0-301F-11D3-BF4B-00C04F79EFBC}") = "07. Sum big numbers", "07. Sum big numbers\07. Sum big numbers.csproj", "{25C80EAB-A8E9-401A-86C9-3C7CD6F6B2FD}"
EndProject
Project("{FAE04EC0-301F-11D3-BF4B-00C04F79EFBC}") = "08. Multiply big number", "08. Multiply big number\08. Multiply big number.csproj", "{0A2BDA42-F1AA-481F-B61E-59BDCCBB40BA}"
EndProject
Project("{FAE04EC0-301F-11D3-BF4B-00C04F79EFBC}") = "09. Text Filter", "09. Text Filter\09. Text Filter.csproj", "{AF4E7453-18CE-475B-8525-C626A0B7CAE6}"
EndProject
Project("{FAE04EC0-301F-11D3-BF4B-00C04F79EFBC}") = "10. Unicode Characters", "10. Unicode Characters\10. Unicode Characters.csproj", "{540A9423-8F04-4D61-A4F1-F16B89375C7D}"
EndProject
Project("{FAE04EC0-301F-11D3-BF4B-00C04F79EFBC}") = "11. Palindromes", "11. Palindromes\11. Palindromes.csproj", "{DDC4135F-A3A4-4B10-A8B3-668C2C2C4E3F}"
EndProject
Project("{FAE04EC0-301F-11D3-BF4B-00C04F79EFBC}") = "12. Character Multiplier", "12. Character Multiplier\12. Character Multiplier.csproj", "{5D10B6EF-2EF5-4AD0-8629-48D88398FE42}"
EndProject
Project("{FAE04EC0-301F-11D3-BF4B-00C04F79EFBC}") = "13. Magic exchangeable words", "13. Magic exchangeable words\13. Magic exchangeable words.csproj", "{080A9F27-43A6-46C7-9C27-167C37F401C8}"
EndProject
Project("{FAE04EC0-301F-11D3-BF4B-00C04F79EFBC}") = "14. Letters Change Numbers", "14. Letters Change Numbers\14. Letters Change Numbers.csproj", "{49E71FBD-73B7-4D5E-8E05-DE248DF878B9}"
EndProject
Project("{FAE04EC0-301F-11D3-BF4B-00C04F79EFBC}") = "15. Melrah Shake", "15. Melrah Shake\15. Melrah Shake.csproj", "{1F5B0FE5-A7FE-4F47-A982-66D19C1E47B4}"
EndProject
Project("{FAE04EC0-301F-11D3-BF4B-00C04F79EFBC}") = "16. Extract Hyperlinks", "16. Extract Hyperlinks\16. Extract Hyperlinks.csproj", "{BF0F8A7D-27F8-4BA3-94C7-E255259D5142}"
EndProject
Global
	GlobalSection(SolutionConfigurationPlatforms) = preSolution
		Debug|Any CPU = Debug|Any CPU
		Release|Any CPU = Release|Any CPU
	EndGlobalSection
	GlobalSection(ProjectConfigurationPlatforms) = postSolution
		{0A11D8F6-C8EF-480D-B6A5-55B9813B08DF}.Debug|Any CPU.ActiveCfg = Debug|Any CPU
		{0A11D8F6-C8EF-480D-B6A5-55B9813B08DF}.Debug|Any CPU.Build.0 = Debug|Any CPU
		{0A11D8F6-C8EF-480D-B6A5-55B9813B08DF}.Release|Any CPU.ActiveCfg = Release|Any CPU
		{0A11D8F6-C8EF-480D-B6A5-55B9813B08DF}.Release|Any CPU.Build.0 = Release|Any CPU
		{3D7B7D11-2F62-4E14-99A9-00C7E8C27CD1}.Debug|Any CPU.ActiveCfg = Debug|Any CPU
		{3D7B7D11-2F62-4E14-99A9-00C7E8C27CD1}.Debug|Any CPU.Build.0 = Debug|Any CPU
		{3D7B7D11-2F62-4E14-99A9-00C7E8C27CD1}.Release|Any CPU.ActiveCfg = Release|Any CPU
		{3D7B7D11-2F62-4E14-99A9-00C7E8C27CD1}.Release|Any CPU.Build.0 = Release|Any CPU
		{220EEF7C-C786-43B0-9042-0FD885E449B7}.Debug|Any CPU.ActiveCfg = Debug|Any CPU
		{220EEF7C-C786-43B0-9042-0FD885E449B7}.Debug|Any CPU.Build.0 = Debug|Any CPU
		{220EEF7C-C786-43B0-9042-0FD885E449B7}.Release|Any CPU.ActiveCfg = Release|Any CPU
		{220EEF7C-C786-43B0-9042-0FD885E449B7}.Release|Any CPU.Build.0 = Release|Any CPU
		{2F8B1D67-B453-4C3F-8EB8-B76A07450161}.Debug|Any CPU.ActiveCfg = Debug|Any CPU
		{2F8B1D67-B453-4C3F-8EB8-B76A07450161}.Debug|Any CPU.Build.0 = Debug|Any CPU
		{2F8B1D67-B453-4C3F-8EB8-B76A07450161}.Release|Any CPU.ActiveCfg = Release|Any CPU
		{2F8B1D67-B453-4C3F-8EB8-B76A07450161}.Release|Any CPU.Build.0 = Release|Any CPU
		{EA5CBEB6-61FC-444B-8E6F-B271FACB5547}.Debug|Any CPU.ActiveCfg = Debug|Any CPU
		{EA5CBEB6-61FC-444B-8E6F-B271FACB5547}.Debug|Any CPU.Build.0 = Debug|Any CPU
		{EA5CBEB6-61FC-444B-8E6F-B271FACB5547}.Release|Any CPU.ActiveCfg = Release|Any CPU
		{EA5CBEB6-61FC-444B-8E6F-B271FACB5547}.Release|Any CPU.Build.0 = Release|Any CPU
		{E79B9E3A-953F-4C45-B997-FA89F5EC9DE4}.Debug|Any CPU.ActiveCfg = Debug|Any CPU
		{E79B9E3A-953F-4C45-B997-FA89F5EC9DE4}.Debug|Any CPU.Build.0 = Debug|Any CPU
		{E79B9E3A-953F-4C45-B997-FA89F5EC9DE4}.Release|Any CPU.ActiveCfg = Release|Any CPU
		{E79B9E3A-953F-4C45-B997-FA89F5EC9DE4}.Release|Any CPU.Build.0 = Release|Any CPU
		{25C80EAB-A8E9-401A-86C9-3C7CD6F6B2FD}.Debug|Any CPU.ActiveCfg = Debug|Any CPU
		{25C80EAB-A8E9-401A-86C9-3C7CD6F6B2FD}.Debug|Any CPU.Build.0 = Debug|Any CPU
		{25C80EAB-A8E9-401A-86C9-3C7CD6F6B2FD}.Release|Any CPU.ActiveCfg = Release|Any CPU
		{25C80EAB-A8E9-401A-86C9-3C7CD6F6B2FD}.Release|Any CPU.Build.0 = Release|Any CPU
		{0A2BDA42-F1AA-481F-B61E-59BDCCBB40BA}.Debug|Any CPU.ActiveCfg = Debug|Any CPU
		{0A2BDA42-F1AA-481F-B61E-59BDCCBB40BA}.Debug|Any CPU.Build.0 = Debug|Any CPU
		{0A2BDA42-F1AA-481F-B61E-59BDCCBB40BA}.Release|Any CPU.ActiveCfg = Release|Any CPU
		{0A2BDA42-F1AA-481F-B61E-59BDCCBB40BA}.Release|Any CPU.Build.0 = Release|Any CPU
		{AF4E7453-18CE-475B-8525-C626A0B7CAE6}.Debug|Any CPU.ActiveCfg = Debug|Any CPU
		{AF4E7453-18CE-475B-8525-C626A0B7CAE6}.Debug|Any CPU.Build.0 = Debug|Any CPU
		{AF4E7453-18CE-475B-8525-C626A0B7CAE6}.Release|Any CPU.ActiveCfg = Release|Any CPU
		{AF4E7453-18CE-475B-8525-C626A0B7CAE6}.Release|Any CPU.Build.0 = Release|Any CPU
		{540A9423-8F04-4D61-A4F1-F16B89375C7D}.Debug|Any CPU.ActiveCfg = Debug|Any CPU
		{540A9423-8F04-4D61-A4F1-F16B89375C7D}.Debug|Any CPU.Build.0 = Debug|Any CPU
		{540A9423-8F04-4D61-A4F1-F16B89375C7D}.Release|Any CPU.ActiveCfg = Release|Any CPU
		{540A9423-8F04-4D61-A4F1-F16B89375C7D}.Release|Any CPU.Build.0 = Release|Any CPU
		{DDC4135F-A3A4-4B10-A8B3-668C2C2C4E3F}.Debug|Any CPU.ActiveCfg = Debug|Any CPU
		{DDC4135F-A3A4-4B10-A8B3-668C2C2C4E3F}.Debug|Any CPU.Build.0 = Debug|Any CPU
		{DDC4135F-A3A4-4B10-A8B3-668C2C2C4E3F}.Release|Any CPU.ActiveCfg = Release|Any CPU
		{DDC4135F-A3A4-4B10-A8B3-668C2C2C4E3F}.Release|Any CPU.Build.0 = Release|Any CPU
		{5D10B6EF-2EF5-4AD0-8629-48D88398FE42}.Debug|Any CPU.ActiveCfg = Debug|Any CPU
		{5D10B6EF-2EF5-4AD0-8629-48D88398FE42}.Debug|Any CPU.Build.0 = Debug|Any CPU
		{5D10B6EF-2EF5-4AD0-8629-48D88398FE42}.Release|Any CPU.ActiveCfg = Release|Any CPU
		{5D10B6EF-2EF5-4AD0-8629-48D88398FE42}.Release|Any CPU.Build.0 = Release|Any CPU
		{080A9F27-43A6-46C7-9C27-167C37F401C8}.Debug|Any CPU.ActiveCfg = Debug|Any CPU
		{080A9F27-43A6-46C7-9C27-167C37F401C8}.Debug|Any CPU.Build.0 = Debug|Any CPU
		{080A9F27-43A6-46C7-9C27-167C37F401C8}.Release|Any CPU.ActiveCfg = Release|Any CPU
		{080A9F27-43A6-46C7-9C27-167C37F401C8}.Release|Any CPU.Build.0 = Release|Any CPU
		{49E71FBD-73B7-4D5E-8E05-DE248DF878B9}.Debug|Any CPU.ActiveCfg = Debug|Any CPU
		{49E71FBD-73B7-4D5E-8E05-DE248DF878B9}.Debug|Any CPU.Build.0 = Debug|Any CPU
		{49E71FBD-73B7-4D5E-8E05-DE248DF878B9}.Release|Any CPU.ActiveCfg = Release|Any CPU
		{49E71FBD-73B7-4D5E-8E05-DE248DF878B9}.Release|Any CPU.Build.0 = Release|Any CPU
		{1F5B0FE5-A7FE-4F47-A982-66D19C1E47B4}.Debug|Any CPU.ActiveCfg = Debug|Any CPU
		{1F5B0FE5-A7FE-4F47-A982-66D19C1E47B4}.Debug|Any CPU.Build.0 = Debug|Any CPU
		{1F5B0FE5-A7FE-4F47-A982-66D19C1E47B4}.Release|Any CPU.ActiveCfg = Release|Any CPU
		{1F5B0FE5-A7FE-4F47-A982-66D19C1E47B4}.Release|Any CPU.Build.0 = Release|Any CPU
		{BF0F8A7D-27F8-4BA3-94C7-E255259D5142}.Debug|Any CPU.ActiveCfg = Debug|Any CPU
		{BF0F8A7D-27F8-4BA3-94C7-E255259D5142}.Debug|Any CPU.Build.0 = Debug|Any CPU
		{BF0F8A7D-27F8-4BA3-94C7-E255259D5142}.Release|Any CPU.ActiveCfg = Release|Any CPU
		{BF0F8A7D-27F8-4BA3-94C7-E255259D5142}.Release|Any CPU.Build.0 = Release|Any CPU
	EndGlobalSection
	GlobalSection(SolutionProperties) = preSolution
		HideSolutionNode = FALSE
	EndGlobalSection
	GlobalSection(ExtensibilityGlobals) = postSolution
		SolutionGuid = {32AA110E-DCAF-4604-A672-24EA516F6CB5}
	EndGlobalSection
EndGlobal
