
Microsoft Visual Studio Solution File, Format Version 12.00
# Visual Studio 15
VisualStudioVersion = 15.0.26730.16
MinimumVisualStudioVersion = 10.0.40219.1
Project("{FAE04EC0-301F-11D3-BF4B-00C04F79EFBC}") = "0 non training", "0 non training\0 non training.csproj", "{9BC1ED66-2BBB-4D84-85A0-3E338D6335D6}"
EndProject
Project("{FAE04EC0-301F-11D3-BF4B-00C04F79EFBC}") = "01 proverka za otlichna ocenka", "01 proverka za otlichna ocenka\01 proverka za otlichna ocenka.csproj", "{143368B0-5ACA-4923-B4F0-8962E3245740}"
EndProject
Project("{FAE04EC0-301F-11D3-BF4B-00C04F79EFBC}") = "0 non training 2", "0 non training 2\0 non training 2.csproj", "{8C1A4505-C51E-4AAA-9A2E-11FD67A3AFB4}"
EndProject
Project("{FAE04EC0-301F-11D3-BF4B-00C04F79EFBC}") = "03 chetno ili ne4etno", "03 chetno ili ne4etno\03 chetno ili ne4etno.csproj", "{25548816-87C6-4FCD-9C83-BEF5A5435E59}"
EndProject
Project("{FAE04EC0-301F-11D3-BF4B-00C04F79EFBC}") = "04 po golqmo chislo", "04 po golqmo chislo\04 po golqmo chislo.csproj", "{1B8AC381-5C45-4CC5-A5A4-B24500F9CF5F}"
EndProject
Project("{FAE04EC0-301F-11D3-BF4B-00C04F79EFBC}") = "0 non training 4", "0 non training 4\0 non training 4.csproj", "{DE074475-2F3F-4195-A753-ABB203E3335B}"
EndProject
Project("{FAE04EC0-301F-11D3-BF4B-00C04F79EFBC}") = "0 non training 5", "0 non training 5\0 non training 5.csproj", "{1730EEEC-8000-4085-A2B8-B21AFF805674}"
EndProject
Project("{FAE04EC0-301F-11D3-BF4B-00C04F79EFBC}") = "06 Bonus tochki zadacha", "05 Bonus tochki zadacha\06 Bonus tochki zadacha.csproj", "{EB7CE059-6FD8-4F25-8B5B-E0272E8CCE66}"
EndProject
Project("{FAE04EC0-301F-11D3-BF4B-00C04F79EFBC}") = "06 bonus tochi 2ri variant", "06 bonus tochi 2ri variant\06 bonus tochi 2ri variant.csproj", "{95B47998-13E8-4820-BC75-20A49C6AF58B}"
EndProject
Project("{FAE04EC0-301F-11D3-BF4B-00C04F79EFBC}") = "07 sum seconds", "07 sum seconds\07 sum seconds.csproj", "{C55FCD8C-9898-40D6-AF6E-FE9939563FB3}"
EndProject
Project("{FAE04EC0-301F-11D3-BF4B-00C04F79EFBC}") = "08 Metric Convertor", "08 Metric Convertor\08 Metric Convertor.csproj", "{C774E30C-679F-4951-8A11-03B9C1CB305D}"
EndProject
Project("{FAE04EC0-301F-11D3-BF4B-00C04F79EFBC}") = "05 Guess the Pass", "05 Guess the Pass\05 Guess the Pass.csproj", "{F5218A50-0794-4C13-80E3-93549337BCBE}"
EndProject
Project("{FAE04EC0-301F-11D3-BF4B-00C04F79EFBC}") = "06 SCHOOLJUDGE Ednakvi dumi", "06 SCHOOLJUDGE Ednakvi dumi\06 SCHOOLJUDGE Ednakvi dumi.csproj", "{0D215EC3-D7CF-49FB-BEB4-FC6E86B750EB}"
EndProject
Project("{FAE04EC0-301F-11D3-BF4B-00C04F79EFBC}") = "07 SCHOOLJUDGE Time + 15", "07 SCHOOLJUDGE Time + 15\07 SCHOOLJUDGE Time + 15.csproj", "{8C5B5754-B319-45AE-B74E-F00200AECC67}"
EndProject
Project("{FAE04EC0-301F-11D3-BF4B-00C04F79EFBC}") = "07 sum second vtori variant", "07 sum second vtori variant\07 sum second vtori variant.csproj", "{0E319A45-636A-4EB4-AFEB-FE8B81F0E58A}"
EndProject
Project("{FAE04EC0-301F-11D3-BF4B-00C04F79EFBC}") = "08 SCHOOLJUDGE ednakvi chisla", "08 SCHOOLJUDGE ednakvi chisla\08 SCHOOLJUDGE ednakvi chisla.csproj", "{C8E0CD97-DB32-4DEA-A904-CDC8981CC76A}"
EndProject
Global
	GlobalSection(SolutionConfigurationPlatforms) = preSolution
		Debug|Any CPU = Debug|Any CPU
		Release|Any CPU = Release|Any CPU
	EndGlobalSection
	GlobalSection(ProjectConfigurationPlatforms) = postSolution
		{9BC1ED66-2BBB-4D84-85A0-3E338D6335D6}.Debug|Any CPU.ActiveCfg = Debug|Any CPU
		{9BC1ED66-2BBB-4D84-85A0-3E338D6335D6}.Debug|Any CPU.Build.0 = Debug|Any CPU
		{9BC1ED66-2BBB-4D84-85A0-3E338D6335D6}.Release|Any CPU.ActiveCfg = Release|Any CPU
		{9BC1ED66-2BBB-4D84-85A0-3E338D6335D6}.Release|Any CPU.Build.0 = Release|Any CPU
		{143368B0-5ACA-4923-B4F0-8962E3245740}.Debug|Any CPU.ActiveCfg = Debug|Any CPU
		{143368B0-5ACA-4923-B4F0-8962E3245740}.Debug|Any CPU.Build.0 = Debug|Any CPU
		{143368B0-5ACA-4923-B4F0-8962E3245740}.Release|Any CPU.ActiveCfg = Release|Any CPU
		{143368B0-5ACA-4923-B4F0-8962E3245740}.Release|Any CPU.Build.0 = Release|Any CPU
		{8C1A4505-C51E-4AAA-9A2E-11FD67A3AFB4}.Debug|Any CPU.ActiveCfg = Debug|Any CPU
		{8C1A4505-C51E-4AAA-9A2E-11FD67A3AFB4}.Debug|Any CPU.Build.0 = Debug|Any CPU
		{8C1A4505-C51E-4AAA-9A2E-11FD67A3AFB4}.Release|Any CPU.ActiveCfg = Release|Any CPU
		{8C1A4505-C51E-4AAA-9A2E-11FD67A3AFB4}.Release|Any CPU.Build.0 = Release|Any CPU
		{25548816-87C6-4FCD-9C83-BEF5A5435E59}.Debug|Any CPU.ActiveCfg = Debug|Any CPU
		{25548816-87C6-4FCD-9C83-BEF5A5435E59}.Debug|Any CPU.Build.0 = Debug|Any CPU
		{25548816-87C6-4FCD-9C83-BEF5A5435E59}.Release|Any CPU.ActiveCfg = Release|Any CPU
		{25548816-87C6-4FCD-9C83-BEF5A5435E59}.Release|Any CPU.Build.0 = Release|Any CPU
		{1B8AC381-5C45-4CC5-A5A4-B24500F9CF5F}.Debug|Any CPU.ActiveCfg = Debug|Any CPU
		{1B8AC381-5C45-4CC5-A5A4-B24500F9CF5F}.Debug|Any CPU.Build.0 = Debug|Any CPU
		{1B8AC381-5C45-4CC5-A5A4-B24500F9CF5F}.Release|Any CPU.ActiveCfg = Release|Any CPU
		{1B8AC381-5C45-4CC5-A5A4-B24500F9CF5F}.Release|Any CPU.Build.0 = Release|Any CPU
		{DE074475-2F3F-4195-A753-ABB203E3335B}.Debug|Any CPU.ActiveCfg = Debug|Any CPU
		{DE074475-2F3F-4195-A753-ABB203E3335B}.Debug|Any CPU.Build.0 = Debug|Any CPU
		{DE074475-2F3F-4195-A753-ABB203E3335B}.Release|Any CPU.ActiveCfg = Release|Any CPU
		{DE074475-2F3F-4195-A753-ABB203E3335B}.Release|Any CPU.Build.0 = Release|Any CPU
		{1730EEEC-8000-4085-A2B8-B21AFF805674}.Debug|Any CPU.ActiveCfg = Debug|Any CPU
		{1730EEEC-8000-4085-A2B8-B21AFF805674}.Debug|Any CPU.Build.0 = Debug|Any CPU
		{1730EEEC-8000-4085-A2B8-B21AFF805674}.Release|Any CPU.ActiveCfg = Release|Any CPU
		{1730EEEC-8000-4085-A2B8-B21AFF805674}.Release|Any CPU.Build.0 = Release|Any CPU
		{EB7CE059-6FD8-4F25-8B5B-E0272E8CCE66}.Debug|Any CPU.ActiveCfg = Debug|Any CPU
		{EB7CE059-6FD8-4F25-8B5B-E0272E8CCE66}.Debug|Any CPU.Build.0 = Debug|Any CPU
		{EB7CE059-6FD8-4F25-8B5B-E0272E8CCE66}.Release|Any CPU.ActiveCfg = Release|Any CPU
		{EB7CE059-6FD8-4F25-8B5B-E0272E8CCE66}.Release|Any CPU.Build.0 = Release|Any CPU
		{95B47998-13E8-4820-BC75-20A49C6AF58B}.Debug|Any CPU.ActiveCfg = Debug|Any CPU
		{95B47998-13E8-4820-BC75-20A49C6AF58B}.Debug|Any CPU.Build.0 = Debug|Any CPU
		{95B47998-13E8-4820-BC75-20A49C6AF58B}.Release|Any CPU.ActiveCfg = Release|Any CPU
		{95B47998-13E8-4820-BC75-20A49C6AF58B}.Release|Any CPU.Build.0 = Release|Any CPU
		{C55FCD8C-9898-40D6-AF6E-FE9939563FB3}.Debug|Any CPU.ActiveCfg = Debug|Any CPU
		{C55FCD8C-9898-40D6-AF6E-FE9939563FB3}.Debug|Any CPU.Build.0 = Debug|Any CPU
		{C55FCD8C-9898-40D6-AF6E-FE9939563FB3}.Release|Any CPU.ActiveCfg = Release|Any CPU
		{C55FCD8C-9898-40D6-AF6E-FE9939563FB3}.Release|Any CPU.Build.0 = Release|Any CPU
		{C774E30C-679F-4951-8A11-03B9C1CB305D}.Debug|Any CPU.ActiveCfg = Debug|Any CPU
		{C774E30C-679F-4951-8A11-03B9C1CB305D}.Debug|Any CPU.Build.0 = Debug|Any CPU
		{C774E30C-679F-4951-8A11-03B9C1CB305D}.Release|Any CPU.ActiveCfg = Release|Any CPU
		{C774E30C-679F-4951-8A11-03B9C1CB305D}.Release|Any CPU.Build.0 = Release|Any CPU
		{F5218A50-0794-4C13-80E3-93549337BCBE}.Debug|Any CPU.ActiveCfg = Debug|Any CPU
		{F5218A50-0794-4C13-80E3-93549337BCBE}.Debug|Any CPU.Build.0 = Debug|Any CPU
		{F5218A50-0794-4C13-80E3-93549337BCBE}.Release|Any CPU.ActiveCfg = Release|Any CPU
		{F5218A50-0794-4C13-80E3-93549337BCBE}.Release|Any CPU.Build.0 = Release|Any CPU
		{0D215EC3-D7CF-49FB-BEB4-FC6E86B750EB}.Debug|Any CPU.ActiveCfg = Debug|Any CPU
		{0D215EC3-D7CF-49FB-BEB4-FC6E86B750EB}.Debug|Any CPU.Build.0 = Debug|Any CPU
		{0D215EC3-D7CF-49FB-BEB4-FC6E86B750EB}.Release|Any CPU.ActiveCfg = Release|Any CPU
		{0D215EC3-D7CF-49FB-BEB4-FC6E86B750EB}.Release|Any CPU.Build.0 = Release|Any CPU
		{8C5B5754-B319-45AE-B74E-F00200AECC67}.Debug|Any CPU.ActiveCfg = Debug|Any CPU
		{8C5B5754-B319-45AE-B74E-F00200AECC67}.Debug|Any CPU.Build.0 = Debug|Any CPU
		{8C5B5754-B319-45AE-B74E-F00200AECC67}.Release|Any CPU.ActiveCfg = Release|Any CPU
		{8C5B5754-B319-45AE-B74E-F00200AECC67}.Release|Any CPU.Build.0 = Release|Any CPU
		{0E319A45-636A-4EB4-AFEB-FE8B81F0E58A}.Debug|Any CPU.ActiveCfg = Debug|Any CPU
		{0E319A45-636A-4EB4-AFEB-FE8B81F0E58A}.Debug|Any CPU.Build.0 = Debug|Any CPU
		{0E319A45-636A-4EB4-AFEB-FE8B81F0E58A}.Release|Any CPU.ActiveCfg = Release|Any CPU
		{0E319A45-636A-4EB4-AFEB-FE8B81F0E58A}.Release|Any CPU.Build.0 = Release|Any CPU
		{C8E0CD97-DB32-4DEA-A904-CDC8981CC76A}.Debug|Any CPU.ActiveCfg = Debug|Any CPU
		{C8E0CD97-DB32-4DEA-A904-CDC8981CC76A}.Debug|Any CPU.Build.0 = Debug|Any CPU
		{C8E0CD97-DB32-4DEA-A904-CDC8981CC76A}.Release|Any CPU.ActiveCfg = Release|Any CPU
		{C8E0CD97-DB32-4DEA-A904-CDC8981CC76A}.Release|Any CPU.Build.0 = Release|Any CPU
	EndGlobalSection
	GlobalSection(SolutionProperties) = preSolution
		HideSolutionNode = FALSE
	EndGlobalSection
	GlobalSection(ExtensibilityGlobals) = postSolution
		SolutionGuid = {A2C0DE6D-B927-4282-B1DB-CB4D9D093391}
	EndGlobalSection
EndGlobal
