
Microsoft Visual Studio Solution File, Format Version 12.00
# Visual Studio 15
VisualStudioVersion = 15.0.27004.2002
MinimumVisualStudioVersion = 10.0.40219.1
Project("{FAE04EC0-301F-11D3-BF4B-00C04F79EFBC}") = "05 - Hourglass", "05 - Hourglass\05 - Hourglass.csproj", "{465817A4-E484-466F-9DA0-CE2983726395}"
EndProject
Project("{FAE04EC0-301F-11D3-BF4B-00C04F79EFBC}") = "01 - House Painting", "01 - House Painting\01 - House Painting.csproj", "{BDBBFCBF-4CFD-4029-BA60-668745D7D247}"
EndProject
Project("{FAE04EC0-301F-11D3-BF4B-00C04F79EFBC}") = "02 - Cups", "02 - Cups\02 - Cups.csproj", "{90C928D4-FF4D-4D14-AF31-8DDA581D321F}"
EndProject
Project("{FAE04EC0-301F-11D3-BF4B-00C04F79EFBC}") = "03 - Vacation", "03 - Vacation\03 - Vacation.csproj", "{80DE613B-681B-4EE4-94F7-1413F3F0E033}"
EndProject
Project("{FAE04EC0-301F-11D3-BF4B-00C04F79EFBC}") = "04 - Trainers Salary", "04 - Trainers Salary\04 - Trainers Salary.csproj", "{18048D32-C824-4D90-808E-1DABED048B1D}"
EndProject
Project("{FAE04EC0-301F-11D3-BF4B-00C04F79EFBC}") = "06 - Two Numbers Sum", "06 - Two Numbers Sum\06 - Two Numbers Sum.csproj", "{1B7107BD-BD05-48C4-B0F2-8F50A092405C}"
EndProject
Global
	GlobalSection(SolutionConfigurationPlatforms) = preSolution
		Debug|Any CPU = Debug|Any CPU
		Release|Any CPU = Release|Any CPU
	EndGlobalSection
	GlobalSection(ProjectConfigurationPlatforms) = postSolution
		{465817A4-E484-466F-9DA0-CE2983726395}.Debug|Any CPU.ActiveCfg = Debug|Any CPU
		{465817A4-E484-466F-9DA0-CE2983726395}.Debug|Any CPU.Build.0 = Debug|Any CPU
		{465817A4-E484-466F-9DA0-CE2983726395}.Release|Any CPU.ActiveCfg = Release|Any CPU
		{465817A4-E484-466F-9DA0-CE2983726395}.Release|Any CPU.Build.0 = Release|Any CPU
		{BDBBFCBF-4CFD-4029-BA60-668745D7D247}.Debug|Any CPU.ActiveCfg = Debug|Any CPU
		{BDBBFCBF-4CFD-4029-BA60-668745D7D247}.Debug|Any CPU.Build.0 = Debug|Any CPU
		{BDBBFCBF-4CFD-4029-BA60-668745D7D247}.Release|Any CPU.ActiveCfg = Release|Any CPU
		{BDBBFCBF-4CFD-4029-BA60-668745D7D247}.Release|Any CPU.Build.0 = Release|Any CPU
		{90C928D4-FF4D-4D14-AF31-8DDA581D321F}.Debug|Any CPU.ActiveCfg = Debug|Any CPU
		{90C928D4-FF4D-4D14-AF31-8DDA581D321F}.Debug|Any CPU.Build.0 = Debug|Any CPU
		{90C928D4-FF4D-4D14-AF31-8DDA581D321F}.Release|Any CPU.ActiveCfg = Release|Any CPU
		{90C928D4-FF4D-4D14-AF31-8DDA581D321F}.Release|Any CPU.Build.0 = Release|Any CPU
		{80DE613B-681B-4EE4-94F7-1413F3F0E033}.Debug|Any CPU.ActiveCfg = Debug|Any CPU
		{80DE613B-681B-4EE4-94F7-1413F3F0E033}.Debug|Any CPU.Build.0 = Debug|Any CPU
		{80DE613B-681B-4EE4-94F7-1413F3F0E033}.Release|Any CPU.ActiveCfg = Release|Any CPU
		{80DE613B-681B-4EE4-94F7-1413F3F0E033}.Release|Any CPU.Build.0 = Release|Any CPU
		{18048D32-C824-4D90-808E-1DABED048B1D}.Debug|Any CPU.ActiveCfg = Debug|Any CPU
		{18048D32-C824-4D90-808E-1DABED048B1D}.Debug|Any CPU.Build.0 = Debug|Any CPU
		{18048D32-C824-4D90-808E-1DABED048B1D}.Release|Any CPU.ActiveCfg = Release|Any CPU
		{18048D32-C824-4D90-808E-1DABED048B1D}.Release|Any CPU.Build.0 = Release|Any CPU
		{1B7107BD-BD05-48C4-B0F2-8F50A092405C}.Debug|Any CPU.ActiveCfg = Debug|Any CPU
		{1B7107BD-BD05-48C4-B0F2-8F50A092405C}.Debug|Any CPU.Build.0 = Debug|Any CPU
		{1B7107BD-BD05-48C4-B0F2-8F50A092405C}.Release|Any CPU.ActiveCfg = Release|Any CPU
		{1B7107BD-BD05-48C4-B0F2-8F50A092405C}.Release|Any CPU.Build.0 = Release|Any CPU
	EndGlobalSection
	GlobalSection(SolutionProperties) = preSolution
		HideSolutionNode = FALSE
	EndGlobalSection
	GlobalSection(ExtensibilityGlobals) = postSolution
		SolutionGuid = {437B4E11-26C6-4D9B-80FC-299361442360}
	EndGlobalSection
EndGlobal
