
Microsoft Visual Studio Solution File, Format Version 12.00
# Visual Studio 15
VisualStudioVersion = 15.0.26730.12
MinimumVisualStudioVersion = 10.0.40219.1
Project("{FAE04EC0-301F-11D3-BF4B-00C04F79EFBC}") = "08 calc area of figure", "08 calc area of figure\08 calc area of figure.csproj", "{DE6F2FE7-8DEC-45F7-9BE4-9C109E678741}"
EndProject
Global
	GlobalSection(SolutionConfigurationPlatforms) = preSolution
		Debug|Any CPU = Debug|Any CPU
		Release|Any CPU = Release|Any CPU
	EndGlobalSection
	GlobalSection(ProjectConfigurationPlatforms) = postSolution
		{DE6F2FE7-8DEC-45F7-9BE4-9C109E678741}.Debug|Any CPU.ActiveCfg = Debug|Any CPU
		{DE6F2FE7-8DEC-45F7-9BE4-9C109E678741}.Debug|Any CPU.Build.0 = Debug|Any CPU
		{DE6F2FE7-8DEC-45F7-9BE4-9C109E678741}.Release|Any CPU.ActiveCfg = Release|Any CPU
		{DE6F2FE7-8DEC-45F7-9BE4-9C109E678741}.Release|Any CPU.Build.0 = Release|Any CPU
	EndGlobalSection
	GlobalSection(SolutionProperties) = preSolution
		HideSolutionNode = FALSE
	EndGlobalSection
	GlobalSection(ExtensibilityGlobals) = postSolution
		SolutionGuid = {9DA01FA1-C6AA-4C26-8F8B-F67A3B3086D3}
	EndGlobalSection
EndGlobal
