
Microsoft Visual Studio Solution File, Format Version 12.00
# Visual Studio 15
VisualStudioVersion = 15.0.27130.2020
MinimumVisualStudioVersion = 10.0.40219.1
Project("{FAE04EC0-301F-11D3-BF4B-00C04F79EFBC}") = "L01 Boxes", "L01 Boxes\L01 Boxes.csproj", "{96965F30-1C01-44DF-B029-D37F98030EFA}"
EndProject
Project("{FAE04EC0-301F-11D3-BF4B-00C04F79EFBC}") = "L02 ArrayCreator", "L02 ArrayCreator\L02 ArrayCreator.csproj", "{E1FCEF9D-8320-4CA1-949F-AD17A0F3FE5D}"
EndProject
Project("{FAE04EC0-301F-11D3-BF4B-00C04F79EFBC}") = "L03 Scale", "L03 Scale\L03 Scale.csproj", "{2D4385A6-99BB-487B-8772-3D478B4D0125}"
EndProject
Project("{FAE04EC0-301F-11D3-BF4B-00C04F79EFBC}") = "L00 Test 01", "L00 Test 01\L00 Test 01.csproj", "{7727BB63-37F9-4B9D-AF0E-971D9632B968}"
EndProject
Project("{FAE04EC0-301F-11D3-BF4B-00C04F79EFBC}") = "E01 Generic Box of String", "E01 Generic Box of String\E01 Generic Box of String.csproj", "{F4AD409E-E13D-4A58-A2EF-F037733ABDA8}"
EndProject
Project("{FAE04EC0-301F-11D3-BF4B-00C04F79EFBC}") = "E04 Generic Swap Method Int", "E04 Generic Swap Method Int\E04 Generic Swap Method Int.csproj", "{A639193F-C9DD-41B0-8738-15E34A412906}"
EndProject
Project("{FAE04EC0-301F-11D3-BF4B-00C04F79EFBC}") = "E03 Generic Swap Method String", "E03 Generic Swap Method String\E03 Generic Swap Method String.csproj", "{AE2CB25F-91E7-4ADA-9D9F-DFFB9D0A385D}"
EndProject
Project("{FAE04EC0-301F-11D3-BF4B-00C04F79EFBC}") = "E05 Generic Count Method String", "E05 Generic Count Method String\E05 Generic Count Method String.csproj", "{C36E5622-9985-476D-95F2-C5FA9E94132F}"
EndProject
Project("{FAE04EC0-301F-11D3-BF4B-00C04F79EFBC}") = "E07 Custom List", "E07 Custom List\E07 Custom List.csproj", "{F7642A0D-3370-4390-B0E9-749282604EF4}"
EndProject
Project("{FAE04EC0-301F-11D3-BF4B-00C04F79EFBC}") = "E10 Tuples", "E10 Tuples\E10 Tuples.csproj", "{3E839755-7E16-40B6-8904-097B821211CF}"
EndProject
Global
	GlobalSection(SolutionConfigurationPlatforms) = preSolution
		Debug|Any CPU = Debug|Any CPU
		Release|Any CPU = Release|Any CPU
	EndGlobalSection
	GlobalSection(ProjectConfigurationPlatforms) = postSolution
		{96965F30-1C01-44DF-B029-D37F98030EFA}.Debug|Any CPU.ActiveCfg = Debug|Any CPU
		{96965F30-1C01-44DF-B029-D37F98030EFA}.Debug|Any CPU.Build.0 = Debug|Any CPU
		{96965F30-1C01-44DF-B029-D37F98030EFA}.Release|Any CPU.ActiveCfg = Release|Any CPU
		{96965F30-1C01-44DF-B029-D37F98030EFA}.Release|Any CPU.Build.0 = Release|Any CPU
		{E1FCEF9D-8320-4CA1-949F-AD17A0F3FE5D}.Debug|Any CPU.ActiveCfg = Debug|Any CPU
		{E1FCEF9D-8320-4CA1-949F-AD17A0F3FE5D}.Debug|Any CPU.Build.0 = Debug|Any CPU
		{E1FCEF9D-8320-4CA1-949F-AD17A0F3FE5D}.Release|Any CPU.ActiveCfg = Release|Any CPU
		{E1FCEF9D-8320-4CA1-949F-AD17A0F3FE5D}.Release|Any CPU.Build.0 = Release|Any CPU
		{2D4385A6-99BB-487B-8772-3D478B4D0125}.Debug|Any CPU.ActiveCfg = Debug|Any CPU
		{2D4385A6-99BB-487B-8772-3D478B4D0125}.Debug|Any CPU.Build.0 = Debug|Any CPU
		{2D4385A6-99BB-487B-8772-3D478B4D0125}.Release|Any CPU.ActiveCfg = Release|Any CPU
		{2D4385A6-99BB-487B-8772-3D478B4D0125}.Release|Any CPU.Build.0 = Release|Any CPU
		{7727BB63-37F9-4B9D-AF0E-971D9632B968}.Debug|Any CPU.ActiveCfg = Debug|Any CPU
		{7727BB63-37F9-4B9D-AF0E-971D9632B968}.Debug|Any CPU.Build.0 = Debug|Any CPU
		{7727BB63-37F9-4B9D-AF0E-971D9632B968}.Release|Any CPU.ActiveCfg = Release|Any CPU
		{7727BB63-37F9-4B9D-AF0E-971D9632B968}.Release|Any CPU.Build.0 = Release|Any CPU
		{F4AD409E-E13D-4A58-A2EF-F037733ABDA8}.Debug|Any CPU.ActiveCfg = Debug|Any CPU
		{F4AD409E-E13D-4A58-A2EF-F037733ABDA8}.Debug|Any CPU.Build.0 = Debug|Any CPU
		{F4AD409E-E13D-4A58-A2EF-F037733ABDA8}.Release|Any CPU.ActiveCfg = Release|Any CPU
		{F4AD409E-E13D-4A58-A2EF-F037733ABDA8}.Release|Any CPU.Build.0 = Release|Any CPU
		{A639193F-C9DD-41B0-8738-15E34A412906}.Debug|Any CPU.ActiveCfg = Debug|Any CPU
		{A639193F-C9DD-41B0-8738-15E34A412906}.Debug|Any CPU.Build.0 = Debug|Any CPU
		{A639193F-C9DD-41B0-8738-15E34A412906}.Release|Any CPU.ActiveCfg = Release|Any CPU
		{A639193F-C9DD-41B0-8738-15E34A412906}.Release|Any CPU.Build.0 = Release|Any CPU
		{AE2CB25F-91E7-4ADA-9D9F-DFFB9D0A385D}.Debug|Any CPU.ActiveCfg = Debug|Any CPU
		{AE2CB25F-91E7-4ADA-9D9F-DFFB9D0A385D}.Debug|Any CPU.Build.0 = Debug|Any CPU
		{AE2CB25F-91E7-4ADA-9D9F-DFFB9D0A385D}.Release|Any CPU.ActiveCfg = Release|Any CPU
		{AE2CB25F-91E7-4ADA-9D9F-DFFB9D0A385D}.Release|Any CPU.Build.0 = Release|Any CPU
		{C36E5622-9985-476D-95F2-C5FA9E94132F}.Debug|Any CPU.ActiveCfg = Debug|Any CPU
		{C36E5622-9985-476D-95F2-C5FA9E94132F}.Debug|Any CPU.Build.0 = Debug|Any CPU
		{C36E5622-9985-476D-95F2-C5FA9E94132F}.Release|Any CPU.ActiveCfg = Release|Any CPU
		{C36E5622-9985-476D-95F2-C5FA9E94132F}.Release|Any CPU.Build.0 = Release|Any CPU
		{F7642A0D-3370-4390-B0E9-749282604EF4}.Debug|Any CPU.ActiveCfg = Debug|Any CPU
		{F7642A0D-3370-4390-B0E9-749282604EF4}.Debug|Any CPU.Build.0 = Debug|Any CPU
		{F7642A0D-3370-4390-B0E9-749282604EF4}.Release|Any CPU.ActiveCfg = Release|Any CPU
		{F7642A0D-3370-4390-B0E9-749282604EF4}.Release|Any CPU.Build.0 = Release|Any CPU
		{3E839755-7E16-40B6-8904-097B821211CF}.Debug|Any CPU.ActiveCfg = Debug|Any CPU
		{3E839755-7E16-40B6-8904-097B821211CF}.Debug|Any CPU.Build.0 = Debug|Any CPU
		{3E839755-7E16-40B6-8904-097B821211CF}.Release|Any CPU.ActiveCfg = Release|Any CPU
		{3E839755-7E16-40B6-8904-097B821211CF}.Release|Any CPU.Build.0 = Release|Any CPU
	EndGlobalSection
	GlobalSection(SolutionProperties) = preSolution
		HideSolutionNode = FALSE
	EndGlobalSection
	GlobalSection(ExtensibilityGlobals) = postSolution
		SolutionGuid = {2C9C7093-AFF5-4BF4-B6E8-E7585DF8400E}
	EndGlobalSection
EndGlobal
