
Microsoft Visual Studio Solution File, Format Version 12.00
# Visual Studio 15
VisualStudioVersion = 15.0.27130.2026
MinimumVisualStudioVersion = 10.0.40219.1
Project("{FAE04EC0-301F-11D3-BF4B-00C04F79EFBC}") = "L01 - 04 Problems solved", "L01 - 04 Problems solved\L01 - 04 Problems solved.csproj", "{4977FDE7-A3FA-41B6-A56D-735874D95B78}"
EndProject
Project("{FAE04EC0-301F-11D3-BF4B-00C04F79EFBC}") = "E03 Shopping Spree", "E03 Shopping Spree\E03 Shopping Spree.csproj", "{7F0E5A9C-12CD-4FC4-970A-AE6ED644C4CD}"
EndProject
Project("{FAE04EC0-301F-11D3-BF4B-00C04F79EFBC}") = "E04 Pizza Calories", "E04 Pizza Calories\E04 Pizza Calories.csproj", "{F3993840-B571-481A-9B46-7A7EC932E9CD}"
EndProject
Global
	GlobalSection(SolutionConfigurationPlatforms) = preSolution
		Debug|Any CPU = Debug|Any CPU
		Release|Any CPU = Release|Any CPU
	EndGlobalSection
	GlobalSection(ProjectConfigurationPlatforms) = postSolution
		{4977FDE7-A3FA-41B6-A56D-735874D95B78}.Debug|Any CPU.ActiveCfg = Debug|Any CPU
		{4977FDE7-A3FA-41B6-A56D-735874D95B78}.Debug|Any CPU.Build.0 = Debug|Any CPU
		{4977FDE7-A3FA-41B6-A56D-735874D95B78}.Release|Any CPU.ActiveCfg = Release|Any CPU
		{4977FDE7-A3FA-41B6-A56D-735874D95B78}.Release|Any CPU.Build.0 = Release|Any CPU
		{7F0E5A9C-12CD-4FC4-970A-AE6ED644C4CD}.Debug|Any CPU.ActiveCfg = Debug|Any CPU
		{7F0E5A9C-12CD-4FC4-970A-AE6ED644C4CD}.Debug|Any CPU.Build.0 = Debug|Any CPU
		{7F0E5A9C-12CD-4FC4-970A-AE6ED644C4CD}.Release|Any CPU.ActiveCfg = Release|Any CPU
		{7F0E5A9C-12CD-4FC4-970A-AE6ED644C4CD}.Release|Any CPU.Build.0 = Release|Any CPU
		{F3993840-B571-481A-9B46-7A7EC932E9CD}.Debug|Any CPU.ActiveCfg = Debug|Any CPU
		{F3993840-B571-481A-9B46-7A7EC932E9CD}.Debug|Any CPU.Build.0 = Debug|Any CPU
		{F3993840-B571-481A-9B46-7A7EC932E9CD}.Release|Any CPU.ActiveCfg = Release|Any CPU
		{F3993840-B571-481A-9B46-7A7EC932E9CD}.Release|Any CPU.Build.0 = Release|Any CPU
	EndGlobalSection
	GlobalSection(SolutionProperties) = preSolution
		HideSolutionNode = FALSE
	EndGlobalSection
	GlobalSection(ExtensibilityGlobals) = postSolution
		SolutionGuid = {47B69ADD-FB98-4175-BDB6-C958EC704A94}
	EndGlobalSection
EndGlobal
