
Microsoft Visual Studio Solution File, Format Version 12.00
# Visual Studio 15
VisualStudioVersion = 15.0.27130.2036
MinimumVisualStudioVersion = 10.0.40219.1
Project("{9A19103F-16F7-4668-BE54-9A1E7A4F7556}") = "P01_BillsPaymentSystem.App", "P01_BillsPaymentSystem.App\P01_BillsPaymentSystem.App.csproj", "{0F0B9B97-8ED2-4A1B-BC9D-935A3D21AAFB}"
EndProject
Project("{FAE04EC0-301F-11D3-BF4B-00C04F79EFBC}") = "P01_BillsPaymentSystem.Data", "P01_BillsPaymentSystem.Data\P01_BillsPaymentSystem.Data.csproj", "{988DBDF3-2517-41A4-822A-68C10218402F}"
EndProject
Project("{FAE04EC0-301F-11D3-BF4B-00C04F79EFBC}") = "P01_BillsPaymentSystem.Data.Models", "P01_BillsPaymentSystem.Data.Models\P01_BillsPaymentSystem.Data.Models.csproj", "{C2EA901F-842A-4FD8-BC16-B1C8081AB510}"
EndProject
Global
	GlobalSection(SolutionConfigurationPlatforms) = preSolution
		Debug|Any CPU = Debug|Any CPU
		Release|Any CPU = Release|Any CPU
	EndGlobalSection
	GlobalSection(ProjectConfigurationPlatforms) = postSolution
		{0F0B9B97-8ED2-4A1B-BC9D-935A3D21AAFB}.Debug|Any CPU.ActiveCfg = Debug|Any CPU
		{0F0B9B97-8ED2-4A1B-BC9D-935A3D21AAFB}.Debug|Any CPU.Build.0 = Debug|Any CPU
		{0F0B9B97-8ED2-4A1B-BC9D-935A3D21AAFB}.Release|Any CPU.ActiveCfg = Release|Any CPU
		{0F0B9B97-8ED2-4A1B-BC9D-935A3D21AAFB}.Release|Any CPU.Build.0 = Release|Any CPU
		{988DBDF3-2517-41A4-822A-68C10218402F}.Debug|Any CPU.ActiveCfg = Debug|Any CPU
		{988DBDF3-2517-41A4-822A-68C10218402F}.Debug|Any CPU.Build.0 = Debug|Any CPU
		{988DBDF3-2517-41A4-822A-68C10218402F}.Release|Any CPU.ActiveCfg = Release|Any CPU
		{988DBDF3-2517-41A4-822A-68C10218402F}.Release|Any CPU.Build.0 = Release|Any CPU
		{C2EA901F-842A-4FD8-BC16-B1C8081AB510}.Debug|Any CPU.ActiveCfg = Debug|Any CPU
		{C2EA901F-842A-4FD8-BC16-B1C8081AB510}.Debug|Any CPU.Build.0 = Debug|Any CPU
		{C2EA901F-842A-4FD8-BC16-B1C8081AB510}.Release|Any CPU.ActiveCfg = Release|Any CPU
		{C2EA901F-842A-4FD8-BC16-B1C8081AB510}.Release|Any CPU.Build.0 = Release|Any CPU
	EndGlobalSection
	GlobalSection(SolutionProperties) = preSolution
		HideSolutionNode = FALSE
	EndGlobalSection
	GlobalSection(ExtensibilityGlobals) = postSolution
		SolutionGuid = {72A2C55C-851A-47A6-9334-26E2968FBA4C}
	EndGlobalSection
EndGlobal
