
Microsoft Visual Studio Solution File, Format Version 12.00
# Visual Studio 15
VisualStudioVersion = 15.0.27130.2020
MinimumVisualStudioVersion = 10.0.40219.1
Project("{FAE04EC0-301F-11D3-BF4B-00C04F79EFBC}") = "L01 Math Operations", "L01 Math Operations\L01 Math Operations.csproj", "{E8DBE569-F3B2-4B61-965B-8E7BBA01366F}"
EndProject
Project("{FAE04EC0-301F-11D3-BF4B-00C04F79EFBC}") = "L02 Animals", "L02 Animals\L02 Animals.csproj", "{9774322A-BE8A-4D3E-ACEA-7FABD7897E16}"
EndProject
Project("{FAE04EC0-301F-11D3-BF4B-00C04F79EFBC}") = "L03 Shapes", "L03 Shapes\L03 Shapes.csproj", "{85F7C4E1-2D4C-497E-84B0-9AB2450D0C05}"
EndProject
Project("{FAE04EC0-301F-11D3-BF4B-00C04F79EFBC}") = "E01 Vehicles", "E01 Vehicles\E01 Vehicles.csproj", "{7C21F085-AC4E-47AE-A76A-E218A3BD6032}"
EndProject
Project("{FAE04EC0-301F-11D3-BF4B-00C04F79EFBC}") = "E03 WildFarms", "E03 WildFarms\E03 WildFarms.csproj", "{A5DEFE4C-A68F-4E5E-9000-A40958F79AD5}"
EndProject
Global
	GlobalSection(SolutionConfigurationPlatforms) = preSolution
		Debug|Any CPU = Debug|Any CPU
		Release|Any CPU = Release|Any CPU
	EndGlobalSection
	GlobalSection(ProjectConfigurationPlatforms) = postSolution
		{E8DBE569-F3B2-4B61-965B-8E7BBA01366F}.Debug|Any CPU.ActiveCfg = Debug|Any CPU
		{E8DBE569-F3B2-4B61-965B-8E7BBA01366F}.Debug|Any CPU.Build.0 = Debug|Any CPU
		{E8DBE569-F3B2-4B61-965B-8E7BBA01366F}.Release|Any CPU.ActiveCfg = Release|Any CPU
		{E8DBE569-F3B2-4B61-965B-8E7BBA01366F}.Release|Any CPU.Build.0 = Release|Any CPU
		{9774322A-BE8A-4D3E-ACEA-7FABD7897E16}.Debug|Any CPU.ActiveCfg = Debug|Any CPU
		{9774322A-BE8A-4D3E-ACEA-7FABD7897E16}.Debug|Any CPU.Build.0 = Debug|Any CPU
		{9774322A-BE8A-4D3E-ACEA-7FABD7897E16}.Release|Any CPU.ActiveCfg = Release|Any CPU
		{9774322A-BE8A-4D3E-ACEA-7FABD7897E16}.Release|Any CPU.Build.0 = Release|Any CPU
		{85F7C4E1-2D4C-497E-84B0-9AB2450D0C05}.Debug|Any CPU.ActiveCfg = Debug|Any CPU
		{85F7C4E1-2D4C-497E-84B0-9AB2450D0C05}.Debug|Any CPU.Build.0 = Debug|Any CPU
		{85F7C4E1-2D4C-497E-84B0-9AB2450D0C05}.Release|Any CPU.ActiveCfg = Release|Any CPU
		{85F7C4E1-2D4C-497E-84B0-9AB2450D0C05}.Release|Any CPU.Build.0 = Release|Any CPU
		{7C21F085-AC4E-47AE-A76A-E218A3BD6032}.Debug|Any CPU.ActiveCfg = Debug|Any CPU
		{7C21F085-AC4E-47AE-A76A-E218A3BD6032}.Debug|Any CPU.Build.0 = Debug|Any CPU
		{7C21F085-AC4E-47AE-A76A-E218A3BD6032}.Release|Any CPU.ActiveCfg = Release|Any CPU
		{7C21F085-AC4E-47AE-A76A-E218A3BD6032}.Release|Any CPU.Build.0 = Release|Any CPU
		{A5DEFE4C-A68F-4E5E-9000-A40958F79AD5}.Debug|Any CPU.ActiveCfg = Debug|Any CPU
		{A5DEFE4C-A68F-4E5E-9000-A40958F79AD5}.Debug|Any CPU.Build.0 = Debug|Any CPU
		{A5DEFE4C-A68F-4E5E-9000-A40958F79AD5}.Release|Any CPU.ActiveCfg = Release|Any CPU
		{A5DEFE4C-A68F-4E5E-9000-A40958F79AD5}.Release|Any CPU.Build.0 = Release|Any CPU
	EndGlobalSection
	GlobalSection(SolutionProperties) = preSolution
		HideSolutionNode = FALSE
	EndGlobalSection
	GlobalSection(ExtensibilityGlobals) = postSolution
		SolutionGuid = {330FDF19-3339-444D-8D4B-4F5F660E6063}
	EndGlobalSection
EndGlobal
