
Microsoft Visual Studio Solution File, Format Version 12.00
# Visual Studio 15
VisualStudioVersion = 15.0.27130.2010
MinimumVisualStudioVersion = 10.0.40219.1
Project("{FAE04EC0-301F-11D3-BF4B-00C04F79EFBC}") = "01. Students by Group", "01. Students by Group\01. Students by Group.csproj", "{36C933C5-358D-4818-9544-CAFB6F2DE30D}"
EndProject
Project("{FAE04EC0-301F-11D3-BF4B-00C04F79EFBC}") = "02. Students by First and Last Name", "02. Students by First and Last Name\02. Students by First and Last Name.csproj", "{1920D8CA-1BF1-4DB2-90A1-A7AB1B5820CF}"
EndProject
Project("{FAE04EC0-301F-11D3-BF4B-00C04F79EFBC}") = "03. Students by Age", "03. Students by Age\03. Students by Age.csproj", "{D8D63F34-F862-4CA0-8DBE-06C6D11D6DCA}"
EndProject
Project("{FAE04EC0-301F-11D3-BF4B-00C04F79EFBC}") = "04. Sort Students", "ConsoleApp1\04. Sort Students.csproj", "{5F57D0EF-459C-4D00-B787-42EE26F466D9}"
EndProject
Project("{FAE04EC0-301F-11D3-BF4B-00C04F79EFBC}") = "05. Filter Students by Email Domain", "05. Filter Students by Email Domain\05. Filter Students by Email Domain.csproj", "{B80885B5-CD22-43BE-8690-2C42D5CD1157}"
EndProject
Project("{FAE04EC0-301F-11D3-BF4B-00C04F79EFBC}") = "06. Filter Students by Phone", "06. Filter Students by Phone\06. Filter Students by Phone.csproj", "{5772C060-51F6-438F-BD99-87365256A5F9}"
EndProject
Project("{FAE04EC0-301F-11D3-BF4B-00C04F79EFBC}") = "07. Excellent Students", "07. Excellent Students\07. Excellent Students.csproj", "{E6200D0F-473E-439A-9EAF-C13A75E73293}"
EndProject
Project("{FAE04EC0-301F-11D3-BF4B-00C04F79EFBC}") = "08. WeakStudents", "08. WeakStudents\08. WeakStudents.csproj", "{B8EC2134-917B-4305-A8A7-B3CC2D9D3D64}"
EndProject
Project("{FAE04EC0-301F-11D3-BF4B-00C04F79EFBC}") = "09. Students Enrolled in 2014 or 2015", "09. Students Enrolled in 2014 or 2015\09. Students Enrolled in 2014 or 2015.csproj", "{21595A34-C37C-4EDC-9C76-DABA5955A08F}"
EndProject
Project("{FAE04EC0-301F-11D3-BF4B-00C04F79EFBC}") = "10. Group by Group", "10. Group by Group\10. Group by Group.csproj", "{A0514502-62D3-4511-A37A-91745DB31930}"
EndProject
Project("{FAE04EC0-301F-11D3-BF4B-00C04F79EFBC}") = "11. Students Joined to Specialties", "11. Students Joined to Specialties\11. Students Joined to Specialties.csproj", "{64DE4A8E-AA6A-4DA4-B3F1-5F8C01D95FF9}"
EndProject
Project("{FAE04EC0-301F-11D3-BF4B-00C04F79EFBC}") = "12. Little John", "12. Little John\12. Little John.csproj", "{0BFDC01C-CA25-4617-A593-45940460C0FB}"
EndProject
Project("{FAE04EC0-301F-11D3-BF4B-00C04F79EFBC}") = "13. Office Stuff", "13. Office Stuff\13. Office Stuff.csproj", "{3C4CBA5C-78BB-466E-A72F-DE469910D980}"
EndProject
Global
	GlobalSection(SolutionConfigurationPlatforms) = preSolution
		Debug|Any CPU = Debug|Any CPU
		Release|Any CPU = Release|Any CPU
	EndGlobalSection
	GlobalSection(ProjectConfigurationPlatforms) = postSolution
		{36C933C5-358D-4818-9544-CAFB6F2DE30D}.Debug|Any CPU.ActiveCfg = Debug|Any CPU
		{36C933C5-358D-4818-9544-CAFB6F2DE30D}.Debug|Any CPU.Build.0 = Debug|Any CPU
		{36C933C5-358D-4818-9544-CAFB6F2DE30D}.Release|Any CPU.ActiveCfg = Release|Any CPU
		{36C933C5-358D-4818-9544-CAFB6F2DE30D}.Release|Any CPU.Build.0 = Release|Any CPU
		{1920D8CA-1BF1-4DB2-90A1-A7AB1B5820CF}.Debug|Any CPU.ActiveCfg = Debug|Any CPU
		{1920D8CA-1BF1-4DB2-90A1-A7AB1B5820CF}.Debug|Any CPU.Build.0 = Debug|Any CPU
		{1920D8CA-1BF1-4DB2-90A1-A7AB1B5820CF}.Release|Any CPU.ActiveCfg = Release|Any CPU
		{1920D8CA-1BF1-4DB2-90A1-A7AB1B5820CF}.Release|Any CPU.Build.0 = Release|Any CPU
		{D8D63F34-F862-4CA0-8DBE-06C6D11D6DCA}.Debug|Any CPU.ActiveCfg = Debug|Any CPU
		{D8D63F34-F862-4CA0-8DBE-06C6D11D6DCA}.Debug|Any CPU.Build.0 = Debug|Any CPU
		{D8D63F34-F862-4CA0-8DBE-06C6D11D6DCA}.Release|Any CPU.ActiveCfg = Release|Any CPU
		{D8D63F34-F862-4CA0-8DBE-06C6D11D6DCA}.Release|Any CPU.Build.0 = Release|Any CPU
		{5F57D0EF-459C-4D00-B787-42EE26F466D9}.Debug|Any CPU.ActiveCfg = Debug|Any CPU
		{5F57D0EF-459C-4D00-B787-42EE26F466D9}.Debug|Any CPU.Build.0 = Debug|Any CPU
		{5F57D0EF-459C-4D00-B787-42EE26F466D9}.Release|Any CPU.ActiveCfg = Release|Any CPU
		{5F57D0EF-459C-4D00-B787-42EE26F466D9}.Release|Any CPU.Build.0 = Release|Any CPU
		{B80885B5-CD22-43BE-8690-2C42D5CD1157}.Debug|Any CPU.ActiveCfg = Debug|Any CPU
		{B80885B5-CD22-43BE-8690-2C42D5CD1157}.Debug|Any CPU.Build.0 = Debug|Any CPU
		{B80885B5-CD22-43BE-8690-2C42D5CD1157}.Release|Any CPU.ActiveCfg = Release|Any CPU
		{B80885B5-CD22-43BE-8690-2C42D5CD1157}.Release|Any CPU.Build.0 = Release|Any CPU
		{5772C060-51F6-438F-BD99-87365256A5F9}.Debug|Any CPU.ActiveCfg = Debug|Any CPU
		{5772C060-51F6-438F-BD99-87365256A5F9}.Debug|Any CPU.Build.0 = Debug|Any CPU
		{5772C060-51F6-438F-BD99-87365256A5F9}.Release|Any CPU.ActiveCfg = Release|Any CPU
		{5772C060-51F6-438F-BD99-87365256A5F9}.Release|Any CPU.Build.0 = Release|Any CPU
		{E6200D0F-473E-439A-9EAF-C13A75E73293}.Debug|Any CPU.ActiveCfg = Debug|Any CPU
		{E6200D0F-473E-439A-9EAF-C13A75E73293}.Debug|Any CPU.Build.0 = Debug|Any CPU
		{E6200D0F-473E-439A-9EAF-C13A75E73293}.Release|Any CPU.ActiveCfg = Release|Any CPU
		{E6200D0F-473E-439A-9EAF-C13A75E73293}.Release|Any CPU.Build.0 = Release|Any CPU
		{B8EC2134-917B-4305-A8A7-B3CC2D9D3D64}.Debug|Any CPU.ActiveCfg = Debug|Any CPU
		{B8EC2134-917B-4305-A8A7-B3CC2D9D3D64}.Debug|Any CPU.Build.0 = Debug|Any CPU
		{B8EC2134-917B-4305-A8A7-B3CC2D9D3D64}.Release|Any CPU.ActiveCfg = Release|Any CPU
		{B8EC2134-917B-4305-A8A7-B3CC2D9D3D64}.Release|Any CPU.Build.0 = Release|Any CPU
		{21595A34-C37C-4EDC-9C76-DABA5955A08F}.Debug|Any CPU.ActiveCfg = Debug|Any CPU
		{21595A34-C37C-4EDC-9C76-DABA5955A08F}.Debug|Any CPU.Build.0 = Debug|Any CPU
		{21595A34-C37C-4EDC-9C76-DABA5955A08F}.Release|Any CPU.ActiveCfg = Release|Any CPU
		{21595A34-C37C-4EDC-9C76-DABA5955A08F}.Release|Any CPU.Build.0 = Release|Any CPU
		{A0514502-62D3-4511-A37A-91745DB31930}.Debug|Any CPU.ActiveCfg = Debug|Any CPU
		{A0514502-62D3-4511-A37A-91745DB31930}.Debug|Any CPU.Build.0 = Debug|Any CPU
		{A0514502-62D3-4511-A37A-91745DB31930}.Release|Any CPU.ActiveCfg = Release|Any CPU
		{A0514502-62D3-4511-A37A-91745DB31930}.Release|Any CPU.Build.0 = Release|Any CPU
		{64DE4A8E-AA6A-4DA4-B3F1-5F8C01D95FF9}.Debug|Any CPU.ActiveCfg = Debug|Any CPU
		{64DE4A8E-AA6A-4DA4-B3F1-5F8C01D95FF9}.Debug|Any CPU.Build.0 = Debug|Any CPU
		{64DE4A8E-AA6A-4DA4-B3F1-5F8C01D95FF9}.Release|Any CPU.ActiveCfg = Release|Any CPU
		{64DE4A8E-AA6A-4DA4-B3F1-5F8C01D95FF9}.Release|Any CPU.Build.0 = Release|Any CPU
		{0BFDC01C-CA25-4617-A593-45940460C0FB}.Debug|Any CPU.ActiveCfg = Debug|Any CPU
		{0BFDC01C-CA25-4617-A593-45940460C0FB}.Debug|Any CPU.Build.0 = Debug|Any CPU
		{0BFDC01C-CA25-4617-A593-45940460C0FB}.Release|Any CPU.ActiveCfg = Release|Any CPU
		{0BFDC01C-CA25-4617-A593-45940460C0FB}.Release|Any CPU.Build.0 = Release|Any CPU
		{3C4CBA5C-78BB-466E-A72F-DE469910D980}.Debug|Any CPU.ActiveCfg = Debug|Any CPU
		{3C4CBA5C-78BB-466E-A72F-DE469910D980}.Debug|Any CPU.Build.0 = Debug|Any CPU
		{3C4CBA5C-78BB-466E-A72F-DE469910D980}.Release|Any CPU.ActiveCfg = Release|Any CPU
		{3C4CBA5C-78BB-466E-A72F-DE469910D980}.Release|Any CPU.Build.0 = Release|Any CPU
	EndGlobalSection
	GlobalSection(SolutionProperties) = preSolution
		HideSolutionNode = FALSE
	EndGlobalSection
	GlobalSection(ExtensibilityGlobals) = postSolution
		SolutionGuid = {B28552D7-EE2E-4265-9C94-F2469627E4D6}
	EndGlobalSection
EndGlobal
