
Microsoft Visual Studio Solution File, Format Version 12.00
# Visual Studio 15
VisualStudioVersion = 15.0.27130.2026
MinimumVisualStudioVersion = 10.0.40219.1
Project("{FAE04EC0-301F-11D3-BF4B-00C04F79EFBC}") = "E01 Oldest Family Member", "L01 Oldest Family Member\E01 Oldest Family Member.csproj", "{EF29C7E9-C138-4E19-9DB5-8DB7DC6B833B}"
EndProject
Project("{FAE04EC0-301F-11D3-BF4B-00C04F79EFBC}") = "E02 Date Modifier", "E02 Date Modifier\E02 Date Modifier.csproj", "{12480C8D-6E6B-48DF-BEAE-7F0C87ADF82E}"
EndProject
Project("{FAE04EC0-301F-11D3-BF4B-00C04F79EFBC}") = "E03 Raw Data", "E03 Raw Data\E03 Raw Data.csproj", "{EBF3019E-5200-41DC-8529-3EC39B5003AE}"
EndProject
Project("{FAE04EC0-301F-11D3-BF4B-00C04F79EFBC}") = "E04 Animal Farm", "E04 Animal Farm\E04 Animal Farm.csproj", "{86593433-0D94-4666-981A-2C9E0A30D75E}"
EndProject
Project("{FAE04EC0-301F-11D3-BF4B-00C04F79EFBC}") = "E05 Football Team Generator", "E05 Football Team Generator\E05 Football Team Generator.csproj", "{949BB91C-FB06-4E7A-9B0D-5C2E19C3F130}"
EndProject
Global
	GlobalSection(SolutionConfigurationPlatforms) = preSolution
		Debug|Any CPU = Debug|Any CPU
		Release|Any CPU = Release|Any CPU
	EndGlobalSection
	GlobalSection(ProjectConfigurationPlatforms) = postSolution
		{EF29C7E9-C138-4E19-9DB5-8DB7DC6B833B}.Debug|Any CPU.ActiveCfg = Debug|Any CPU
		{EF29C7E9-C138-4E19-9DB5-8DB7DC6B833B}.Debug|Any CPU.Build.0 = Debug|Any CPU
		{EF29C7E9-C138-4E19-9DB5-8DB7DC6B833B}.Release|Any CPU.ActiveCfg = Release|Any CPU
		{EF29C7E9-C138-4E19-9DB5-8DB7DC6B833B}.Release|Any CPU.Build.0 = Release|Any CPU
		{12480C8D-6E6B-48DF-BEAE-7F0C87ADF82E}.Debug|Any CPU.ActiveCfg = Debug|Any CPU
		{12480C8D-6E6B-48DF-BEAE-7F0C87ADF82E}.Debug|Any CPU.Build.0 = Debug|Any CPU
		{12480C8D-6E6B-48DF-BEAE-7F0C87ADF82E}.Release|Any CPU.ActiveCfg = Release|Any CPU
		{12480C8D-6E6B-48DF-BEAE-7F0C87ADF82E}.Release|Any CPU.Build.0 = Release|Any CPU
		{EBF3019E-5200-41DC-8529-3EC39B5003AE}.Debug|Any CPU.ActiveCfg = Debug|Any CPU
		{EBF3019E-5200-41DC-8529-3EC39B5003AE}.Debug|Any CPU.Build.0 = Debug|Any CPU
		{EBF3019E-5200-41DC-8529-3EC39B5003AE}.Release|Any CPU.ActiveCfg = Release|Any CPU
		{EBF3019E-5200-41DC-8529-3EC39B5003AE}.Release|Any CPU.Build.0 = Release|Any CPU
		{86593433-0D94-4666-981A-2C9E0A30D75E}.Debug|Any CPU.ActiveCfg = Debug|Any CPU
		{86593433-0D94-4666-981A-2C9E0A30D75E}.Debug|Any CPU.Build.0 = Debug|Any CPU
		{86593433-0D94-4666-981A-2C9E0A30D75E}.Release|Any CPU.ActiveCfg = Release|Any CPU
		{86593433-0D94-4666-981A-2C9E0A30D75E}.Release|Any CPU.Build.0 = Release|Any CPU
		{949BB91C-FB06-4E7A-9B0D-5C2E19C3F130}.Debug|Any CPU.ActiveCfg = Debug|Any CPU
		{949BB91C-FB06-4E7A-9B0D-5C2E19C3F130}.Debug|Any CPU.Build.0 = Debug|Any CPU
		{949BB91C-FB06-4E7A-9B0D-5C2E19C3F130}.Release|Any CPU.ActiveCfg = Release|Any CPU
		{949BB91C-FB06-4E7A-9B0D-5C2E19C3F130}.Release|Any CPU.Build.0 = Release|Any CPU
	EndGlobalSection
	GlobalSection(SolutionProperties) = preSolution
		HideSolutionNode = FALSE
	EndGlobalSection
	GlobalSection(ExtensibilityGlobals) = postSolution
		SolutionGuid = {9606B34D-7FCC-4816-98C1-84AF8D334EF0}
	EndGlobalSection
EndGlobal
