
Microsoft Visual Studio Solution File, Format Version 12.00
# Visual Studio 15
VisualStudioVersion = 15.0.27004.2009
MinimumVisualStudioVersion = 10.0.40219.1
Project("{FAE04EC0-301F-11D3-BF4B-00C04F79EFBC}") = "01. Trainers", "01. Trainers\01. Trainers.csproj", "{5A7ECDFD-E085-45BD-BD16-3CEC03159F1C}"
EndProject
Project("{FAE04EC0-301F-11D3-BF4B-00C04F79EFBC}") = "02. Entertrain", "02. Entertrain\02. Entertrain.csproj", "{8F07EA68-9765-4249-9B04-BDF6134AFEA0}"
EndProject
Project("{FAE04EC0-301F-11D3-BF4B-00C04F79EFBC}") = "03. Trainegram", "03. Trainegram\03. Trainegram.csproj", "{DC2CDDFE-4534-4602-AE31-C7FC7D521193}"
EndProject
Project("{FAE04EC0-301F-11D3-BF4B-00C04F79EFBC}") = "04. Trainlands", "04. Trainlands\04. Trainlands.csproj", "{BF5EBF64-39BE-4CFF-8C54-B6D0FA232F66}"
EndProject
Project("{FAE04EC0-301F-11D3-BF4B-00C04F79EFBC}") = "02.02 Entertrain", "02.02 Entertrain\02.02 Entertrain.csproj", "{F839F557-7506-4848-92CF-41A377E24872}"
EndProject
Project("{FAE04EC0-301F-11D3-BF4B-00C04F79EFBC}") = "02.03 Entertrain", "02.03 Entertrain\02.03 Entertrain.csproj", "{B67A75E1-F2B2-4636-914E-BF19220B0C50}"
EndProject
Project("{FAE04EC0-301F-11D3-BF4B-00C04F79EFBC}") = "03.02 Trainegram", "03.02 Trainegram\03.02 Trainegram.csproj", "{5AF7D8FD-148D-488B-B439-8CAC27B7D161}"
EndProject
Project("{FAE04EC0-301F-11D3-BF4B-00C04F79EFBC}") = "04.02 Trainlands", "04.02 Trainlands\04.02 Trainlands.csproj", "{AF844B74-03E2-4FBB-869D-69AAE541B287}"
EndProject
Global
	GlobalSection(SolutionConfigurationPlatforms) = preSolution
		Debug|Any CPU = Debug|Any CPU
		Release|Any CPU = Release|Any CPU
	EndGlobalSection
	GlobalSection(ProjectConfigurationPlatforms) = postSolution
		{5A7ECDFD-E085-45BD-BD16-3CEC03159F1C}.Debug|Any CPU.ActiveCfg = Debug|Any CPU
		{5A7ECDFD-E085-45BD-BD16-3CEC03159F1C}.Debug|Any CPU.Build.0 = Debug|Any CPU
		{5A7ECDFD-E085-45BD-BD16-3CEC03159F1C}.Release|Any CPU.ActiveCfg = Release|Any CPU
		{5A7ECDFD-E085-45BD-BD16-3CEC03159F1C}.Release|Any CPU.Build.0 = Release|Any CPU
		{8F07EA68-9765-4249-9B04-BDF6134AFEA0}.Debug|Any CPU.ActiveCfg = Debug|Any CPU
		{8F07EA68-9765-4249-9B04-BDF6134AFEA0}.Debug|Any CPU.Build.0 = Debug|Any CPU
		{8F07EA68-9765-4249-9B04-BDF6134AFEA0}.Release|Any CPU.ActiveCfg = Release|Any CPU
		{8F07EA68-9765-4249-9B04-BDF6134AFEA0}.Release|Any CPU.Build.0 = Release|Any CPU
		{DC2CDDFE-4534-4602-AE31-C7FC7D521193}.Debug|Any CPU.ActiveCfg = Debug|Any CPU
		{DC2CDDFE-4534-4602-AE31-C7FC7D521193}.Debug|Any CPU.Build.0 = Debug|Any CPU
		{DC2CDDFE-4534-4602-AE31-C7FC7D521193}.Release|Any CPU.ActiveCfg = Release|Any CPU
		{DC2CDDFE-4534-4602-AE31-C7FC7D521193}.Release|Any CPU.Build.0 = Release|Any CPU
		{BF5EBF64-39BE-4CFF-8C54-B6D0FA232F66}.Debug|Any CPU.ActiveCfg = Debug|Any CPU
		{BF5EBF64-39BE-4CFF-8C54-B6D0FA232F66}.Debug|Any CPU.Build.0 = Debug|Any CPU
		{BF5EBF64-39BE-4CFF-8C54-B6D0FA232F66}.Release|Any CPU.ActiveCfg = Release|Any CPU
		{BF5EBF64-39BE-4CFF-8C54-B6D0FA232F66}.Release|Any CPU.Build.0 = Release|Any CPU
		{F839F557-7506-4848-92CF-41A377E24872}.Debug|Any CPU.ActiveCfg = Debug|Any CPU
		{F839F557-7506-4848-92CF-41A377E24872}.Debug|Any CPU.Build.0 = Debug|Any CPU
		{F839F557-7506-4848-92CF-41A377E24872}.Release|Any CPU.ActiveCfg = Release|Any CPU
		{F839F557-7506-4848-92CF-41A377E24872}.Release|Any CPU.Build.0 = Release|Any CPU
		{B67A75E1-F2B2-4636-914E-BF19220B0C50}.Debug|Any CPU.ActiveCfg = Debug|Any CPU
		{B67A75E1-F2B2-4636-914E-BF19220B0C50}.Debug|Any CPU.Build.0 = Debug|Any CPU
		{B67A75E1-F2B2-4636-914E-BF19220B0C50}.Release|Any CPU.ActiveCfg = Release|Any CPU
		{B67A75E1-F2B2-4636-914E-BF19220B0C50}.Release|Any CPU.Build.0 = Release|Any CPU
		{5AF7D8FD-148D-488B-B439-8CAC27B7D161}.Debug|Any CPU.ActiveCfg = Debug|Any CPU
		{5AF7D8FD-148D-488B-B439-8CAC27B7D161}.Debug|Any CPU.Build.0 = Debug|Any CPU
		{5AF7D8FD-148D-488B-B439-8CAC27B7D161}.Release|Any CPU.ActiveCfg = Release|Any CPU
		{5AF7D8FD-148D-488B-B439-8CAC27B7D161}.Release|Any CPU.Build.0 = Release|Any CPU
		{AF844B74-03E2-4FBB-869D-69AAE541B287}.Debug|Any CPU.ActiveCfg = Debug|Any CPU
		{AF844B74-03E2-4FBB-869D-69AAE541B287}.Debug|Any CPU.Build.0 = Debug|Any CPU
		{AF844B74-03E2-4FBB-869D-69AAE541B287}.Release|Any CPU.ActiveCfg = Release|Any CPU
		{AF844B74-03E2-4FBB-869D-69AAE541B287}.Release|Any CPU.Build.0 = Release|Any CPU
	EndGlobalSection
	GlobalSection(SolutionProperties) = preSolution
		HideSolutionNode = FALSE
	EndGlobalSection
	GlobalSection(ExtensibilityGlobals) = postSolution
		SolutionGuid = {A0A11C1B-9A7E-4003-9ADA-4743D533BCCF}
	EndGlobalSection
EndGlobal
