
Microsoft Visual Studio Solution File, Format Version 12.00
# Visual Studio 15
VisualStudioVersion = 15.0.27004.2010
MinimumVisualStudioVersion = 10.0.40219.1
Project("{FAE04EC0-301F-11D3-BF4B-00C04F79EFBC}") = "01. Unique Usernames", "01. Unique Usernames\01. Unique Usernames.csproj", "{1DB500F0-8168-4EB3-A40D-7590F24555C7}"
EndProject
Project("{FAE04EC0-301F-11D3-BF4B-00C04F79EFBC}") = "02. Sets Of Elements", "02. Sets Of Elements\02. Sets Of Elements.csproj", "{B84206C6-6A60-40C9-9CF4-70BD4FFCAC62}"
EndProject
Project("{FAE04EC0-301F-11D3-BF4B-00C04F79EFBC}") = "03. Periodic Table", "03. Periodic Table\03. Periodic Table.csproj", "{A0512E61-3D2B-4575-A464-613FDEB21C7F}"
EndProject
Project("{FAE04EC0-301F-11D3-BF4B-00C04F79EFBC}") = "04. Count Symbols", "04. Count Symbols\04. Count Symbols.csproj", "{F7D16AF1-405C-4EF0-9F13-92FD412ADE69}"
EndProject
Project("{FAE04EC0-301F-11D3-BF4B-00C04F79EFBC}") = "05. Phonebook", "05. Phonebook\05. Phonebook.csproj", "{64798D84-D3CC-4BA6-93E9-D17F0F62A8DB}"
EndProject
Project("{FAE04EC0-301F-11D3-BF4B-00C04F79EFBC}") = "06. A Miner's Task", "06. A Miner's Task\06. A Miner's Task.csproj", "{C490476C-0F1B-4232-B346-5C9EA2A07F1B}"
EndProject
Project("{FAE04EC0-301F-11D3-BF4B-00C04F79EFBC}") = "07. Fix Emails", "07. Fix Emails\07. Fix Emails.csproj", "{00D2E1F7-1066-4189-9AD3-497BF648E604}"
EndProject
Project("{FAE04EC0-301F-11D3-BF4B-00C04F79EFBC}") = "08. Hands of Cards", "08. Hands of Cards\08. Hands of Cards.csproj", "{48E206E1-4E3B-4866-BF4C-D4300B4A1700}"
EndProject
Project("{FAE04EC0-301F-11D3-BF4B-00C04F79EFBC}") = "09. User Logs", "09. User Logs\09. User Logs.csproj", "{6A22E3F5-87EF-4298-A4B5-01D2D6A83387}"
EndProject
Project("{FAE04EC0-301F-11D3-BF4B-00C04F79EFBC}") = "10. Population Counter", "10. Population Counter\10. Population Counter.csproj", "{6D079A32-3FAF-4081-8A45-80AA93FB597E}"
EndProject
Project("{FAE04EC0-301F-11D3-BF4B-00C04F79EFBC}") = "11. Logs Aggregator", "11. Logs Aggregator\11. Logs Aggregator.csproj", "{A35187E3-7796-40F1-A9BD-E145995DF71C}"
EndProject
Project("{FAE04EC0-301F-11D3-BF4B-00C04F79EFBC}") = "12. Legendary Farming", "12. Legendary Farming\12. Legendary Farming.csproj", "{504B2E92-3275-4409-8F7A-F9DF4EBF1F8B}"
EndProject
Project("{FAE04EC0-301F-11D3-BF4B-00C04F79EFBC}") = "13. Srabsko Unleashed", "13. Srabsko Unleashed\13. Srabsko Unleashed.csproj", "{C66B82C3-0EE8-4EBA-BA87-46A07BE4D15A}"
EndProject
Project("{FAE04EC0-301F-11D3-BF4B-00C04F79EFBC}") = "14. Dragon Army", "14. Dragon Army\14. Dragon Army.csproj", "{F247054F-CC5A-4634-9CD9-41704244BA43}"
EndProject
Project("{FAE04EC0-301F-11D3-BF4B-00C04F79EFBC}") = "04.02 Count Symbols", "04.02 Count Symbols\04.02 Count Symbols.csproj", "{120D0B3A-A991-40F6-A9C7-7D5A1ADCE020}"
EndProject
Global
	GlobalSection(SolutionConfigurationPlatforms) = preSolution
		Debug|Any CPU = Debug|Any CPU
		Release|Any CPU = Release|Any CPU
	EndGlobalSection
	GlobalSection(ProjectConfigurationPlatforms) = postSolution
		{1DB500F0-8168-4EB3-A40D-7590F24555C7}.Debug|Any CPU.ActiveCfg = Debug|Any CPU
		{1DB500F0-8168-4EB3-A40D-7590F24555C7}.Debug|Any CPU.Build.0 = Debug|Any CPU
		{1DB500F0-8168-4EB3-A40D-7590F24555C7}.Release|Any CPU.ActiveCfg = Release|Any CPU
		{1DB500F0-8168-4EB3-A40D-7590F24555C7}.Release|Any CPU.Build.0 = Release|Any CPU
		{B84206C6-6A60-40C9-9CF4-70BD4FFCAC62}.Debug|Any CPU.ActiveCfg = Debug|Any CPU
		{B84206C6-6A60-40C9-9CF4-70BD4FFCAC62}.Debug|Any CPU.Build.0 = Debug|Any CPU
		{B84206C6-6A60-40C9-9CF4-70BD4FFCAC62}.Release|Any CPU.ActiveCfg = Release|Any CPU
		{B84206C6-6A60-40C9-9CF4-70BD4FFCAC62}.Release|Any CPU.Build.0 = Release|Any CPU
		{A0512E61-3D2B-4575-A464-613FDEB21C7F}.Debug|Any CPU.ActiveCfg = Debug|Any CPU
		{A0512E61-3D2B-4575-A464-613FDEB21C7F}.Debug|Any CPU.Build.0 = Debug|Any CPU
		{A0512E61-3D2B-4575-A464-613FDEB21C7F}.Release|Any CPU.ActiveCfg = Release|Any CPU
		{A0512E61-3D2B-4575-A464-613FDEB21C7F}.Release|Any CPU.Build.0 = Release|Any CPU
		{F7D16AF1-405C-4EF0-9F13-92FD412ADE69}.Debug|Any CPU.ActiveCfg = Debug|Any CPU
		{F7D16AF1-405C-4EF0-9F13-92FD412ADE69}.Debug|Any CPU.Build.0 = Debug|Any CPU
		{F7D16AF1-405C-4EF0-9F13-92FD412ADE69}.Release|Any CPU.ActiveCfg = Release|Any CPU
		{F7D16AF1-405C-4EF0-9F13-92FD412ADE69}.Release|Any CPU.Build.0 = Release|Any CPU
		{64798D84-D3CC-4BA6-93E9-D17F0F62A8DB}.Debug|Any CPU.ActiveCfg = Debug|Any CPU
		{64798D84-D3CC-4BA6-93E9-D17F0F62A8DB}.Debug|Any CPU.Build.0 = Debug|Any CPU
		{64798D84-D3CC-4BA6-93E9-D17F0F62A8DB}.Release|Any CPU.ActiveCfg = Release|Any CPU
		{64798D84-D3CC-4BA6-93E9-D17F0F62A8DB}.Release|Any CPU.Build.0 = Release|Any CPU
		{C490476C-0F1B-4232-B346-5C9EA2A07F1B}.Debug|Any CPU.ActiveCfg = Debug|Any CPU
		{C490476C-0F1B-4232-B346-5C9EA2A07F1B}.Debug|Any CPU.Build.0 = Debug|Any CPU
		{C490476C-0F1B-4232-B346-5C9EA2A07F1B}.Release|Any CPU.ActiveCfg = Release|Any CPU
		{C490476C-0F1B-4232-B346-5C9EA2A07F1B}.Release|Any CPU.Build.0 = Release|Any CPU
		{00D2E1F7-1066-4189-9AD3-497BF648E604}.Debug|Any CPU.ActiveCfg = Debug|Any CPU
		{00D2E1F7-1066-4189-9AD3-497BF648E604}.Debug|Any CPU.Build.0 = Debug|Any CPU
		{00D2E1F7-1066-4189-9AD3-497BF648E604}.Release|Any CPU.ActiveCfg = Release|Any CPU
		{00D2E1F7-1066-4189-9AD3-497BF648E604}.Release|Any CPU.Build.0 = Release|Any CPU
		{48E206E1-4E3B-4866-BF4C-D4300B4A1700}.Debug|Any CPU.ActiveCfg = Debug|Any CPU
		{48E206E1-4E3B-4866-BF4C-D4300B4A1700}.Debug|Any CPU.Build.0 = Debug|Any CPU
		{48E206E1-4E3B-4866-BF4C-D4300B4A1700}.Release|Any CPU.ActiveCfg = Release|Any CPU
		{48E206E1-4E3B-4866-BF4C-D4300B4A1700}.Release|Any CPU.Build.0 = Release|Any CPU
		{6A22E3F5-87EF-4298-A4B5-01D2D6A83387}.Debug|Any CPU.ActiveCfg = Debug|Any CPU
		{6A22E3F5-87EF-4298-A4B5-01D2D6A83387}.Debug|Any CPU.Build.0 = Debug|Any CPU
		{6A22E3F5-87EF-4298-A4B5-01D2D6A83387}.Release|Any CPU.ActiveCfg = Release|Any CPU
		{6A22E3F5-87EF-4298-A4B5-01D2D6A83387}.Release|Any CPU.Build.0 = Release|Any CPU
		{6D079A32-3FAF-4081-8A45-80AA93FB597E}.Debug|Any CPU.ActiveCfg = Debug|Any CPU
		{6D079A32-3FAF-4081-8A45-80AA93FB597E}.Debug|Any CPU.Build.0 = Debug|Any CPU
		{6D079A32-3FAF-4081-8A45-80AA93FB597E}.Release|Any CPU.ActiveCfg = Release|Any CPU
		{6D079A32-3FAF-4081-8A45-80AA93FB597E}.Release|Any CPU.Build.0 = Release|Any CPU
		{A35187E3-7796-40F1-A9BD-E145995DF71C}.Debug|Any CPU.ActiveCfg = Debug|Any CPU
		{A35187E3-7796-40F1-A9BD-E145995DF71C}.Debug|Any CPU.Build.0 = Debug|Any CPU
		{A35187E3-7796-40F1-A9BD-E145995DF71C}.Release|Any CPU.ActiveCfg = Release|Any CPU
		{A35187E3-7796-40F1-A9BD-E145995DF71C}.Release|Any CPU.Build.0 = Release|Any CPU
		{504B2E92-3275-4409-8F7A-F9DF4EBF1F8B}.Debug|Any CPU.ActiveCfg = Debug|Any CPU
		{504B2E92-3275-4409-8F7A-F9DF4EBF1F8B}.Debug|Any CPU.Build.0 = Debug|Any CPU
		{504B2E92-3275-4409-8F7A-F9DF4EBF1F8B}.Release|Any CPU.ActiveCfg = Release|Any CPU
		{504B2E92-3275-4409-8F7A-F9DF4EBF1F8B}.Release|Any CPU.Build.0 = Release|Any CPU
		{C66B82C3-0EE8-4EBA-BA87-46A07BE4D15A}.Debug|Any CPU.ActiveCfg = Debug|Any CPU
		{C66B82C3-0EE8-4EBA-BA87-46A07BE4D15A}.Debug|Any CPU.Build.0 = Debug|Any CPU
		{C66B82C3-0EE8-4EBA-BA87-46A07BE4D15A}.Release|Any CPU.ActiveCfg = Release|Any CPU
		{C66B82C3-0EE8-4EBA-BA87-46A07BE4D15A}.Release|Any CPU.Build.0 = Release|Any CPU
		{F247054F-CC5A-4634-9CD9-41704244BA43}.Debug|Any CPU.ActiveCfg = Debug|Any CPU
		{F247054F-CC5A-4634-9CD9-41704244BA43}.Debug|Any CPU.Build.0 = Debug|Any CPU
		{F247054F-CC5A-4634-9CD9-41704244BA43}.Release|Any CPU.ActiveCfg = Release|Any CPU
		{F247054F-CC5A-4634-9CD9-41704244BA43}.Release|Any CPU.Build.0 = Release|Any CPU
		{120D0B3A-A991-40F6-A9C7-7D5A1ADCE020}.Debug|Any CPU.ActiveCfg = Debug|Any CPU
		{120D0B3A-A991-40F6-A9C7-7D5A1ADCE020}.Debug|Any CPU.Build.0 = Debug|Any CPU
		{120D0B3A-A991-40F6-A9C7-7D5A1ADCE020}.Release|Any CPU.ActiveCfg = Release|Any CPU
		{120D0B3A-A991-40F6-A9C7-7D5A1ADCE020}.Release|Any CPU.Build.0 = Release|Any CPU
	EndGlobalSection
	GlobalSection(SolutionProperties) = preSolution
		HideSolutionNode = FALSE
	EndGlobalSection
	GlobalSection(ExtensibilityGlobals) = postSolution
		SolutionGuid = {8B34808B-15DC-4D84-A473-DF4FBF714EFE}
	EndGlobalSection
EndGlobal
