
Microsoft Visual Studio Solution File, Format Version 12.00
# Visual Studio 15
VisualStudioVersion = 15.0.27004.2005
MinimumVisualStudioVersion = 10.0.40219.1
Project("{FAE04EC0-301F-11D3-BF4B-00C04F79EFBC}") = "01. Time Since Birthday", "01. Time Since Birthday\01. Time Since Birthday.csproj", "{0845A307-CDE2-46F7-9978-FD92443BD5FD}"
EndProject
Project("{FAE04EC0-301F-11D3-BF4B-00C04F79EFBC}") = "02. Circle Perimeter", "02. Circle Perimeter\02. Circle Perimeter.csproj", "{F8EBC3E7-5C65-4090-AE97-F30A89852EFC}"
EndProject
Project("{FAE04EC0-301F-11D3-BF4B-00C04F79EFBC}") = "03. Exact Product", "03. Exact Product\03. Exact Product.csproj", "{CBEA1CB8-C7A8-4D20-9050-C1959482D088}"
EndProject
Project("{FAE04EC0-301F-11D3-BF4B-00C04F79EFBC}") = "04. Transport", "04. Transport\04. Transport.csproj", "{765B39A5-00A7-4A67-BB2A-518C66F2C6DE}"
EndProject
Project("{FAE04EC0-301F-11D3-BF4B-00C04F79EFBC}") = "05. Special Numbers", "05. Special Numbers\05. Special Numbers.csproj", "{D78C8D13-B4F4-4262-AFFB-B86DEE4A528A}"
EndProject
Project("{FAE04EC0-301F-11D3-BF4B-00C04F79EFBC}") = "06. Triples of Latin L", "06. Triples of Latin L\06. Triples of Latin L.csproj", "{F0520E32-F723-443A-8C0A-18A50ADF16C9}"
EndProject
Project("{FAE04EC0-301F-11D3-BF4B-00C04F79EFBC}") = "07. Greeting", "07. Greeting\07. Greeting.csproj", "{FE0CCE42-85D8-433D-B8A9-44E825234792}"
EndProject
Project("{FAE04EC0-301F-11D3-BF4B-00C04F79EFBC}") = "08. Refactor Volume", "08. Refactor Volume\08. Refactor Volume.csproj", "{5C630A91-A056-47AC-A884-DF3C28FBA518}"
EndProject
Project("{FAE04EC0-301F-11D3-BF4B-00C04F79EFBC}") = "09. Refactor Special Num", "09. Refactor Special Num\09. Refactor Special Num.csproj", "{A915ED1A-50FC-43F8-B996-6AEB1665C9AF}"
EndProject
Project("{FAE04EC0-301F-11D3-BF4B-00C04F79EFBC}") = "00 test 1", "00 test 1\00 test 1.csproj", "{0DD09335-3B62-43FE-85EB-8F29D0277B7A}"
EndProject
Global
	GlobalSection(SolutionConfigurationPlatforms) = preSolution
		Debug|Any CPU = Debug|Any CPU
		Release|Any CPU = Release|Any CPU
	EndGlobalSection
	GlobalSection(ProjectConfigurationPlatforms) = postSolution
		{0845A307-CDE2-46F7-9978-FD92443BD5FD}.Debug|Any CPU.ActiveCfg = Debug|Any CPU
		{0845A307-CDE2-46F7-9978-FD92443BD5FD}.Debug|Any CPU.Build.0 = Debug|Any CPU
		{0845A307-CDE2-46F7-9978-FD92443BD5FD}.Release|Any CPU.ActiveCfg = Release|Any CPU
		{0845A307-CDE2-46F7-9978-FD92443BD5FD}.Release|Any CPU.Build.0 = Release|Any CPU
		{F8EBC3E7-5C65-4090-AE97-F30A89852EFC}.Debug|Any CPU.ActiveCfg = Debug|Any CPU
		{F8EBC3E7-5C65-4090-AE97-F30A89852EFC}.Debug|Any CPU.Build.0 = Debug|Any CPU
		{F8EBC3E7-5C65-4090-AE97-F30A89852EFC}.Release|Any CPU.ActiveCfg = Release|Any CPU
		{F8EBC3E7-5C65-4090-AE97-F30A89852EFC}.Release|Any CPU.Build.0 = Release|Any CPU
		{CBEA1CB8-C7A8-4D20-9050-C1959482D088}.Debug|Any CPU.ActiveCfg = Debug|Any CPU
		{CBEA1CB8-C7A8-4D20-9050-C1959482D088}.Debug|Any CPU.Build.0 = Debug|Any CPU
		{CBEA1CB8-C7A8-4D20-9050-C1959482D088}.Release|Any CPU.ActiveCfg = Release|Any CPU
		{CBEA1CB8-C7A8-4D20-9050-C1959482D088}.Release|Any CPU.Build.0 = Release|Any CPU
		{765B39A5-00A7-4A67-BB2A-518C66F2C6DE}.Debug|Any CPU.ActiveCfg = Debug|Any CPU
		{765B39A5-00A7-4A67-BB2A-518C66F2C6DE}.Debug|Any CPU.Build.0 = Debug|Any CPU
		{765B39A5-00A7-4A67-BB2A-518C66F2C6DE}.Release|Any CPU.ActiveCfg = Release|Any CPU
		{765B39A5-00A7-4A67-BB2A-518C66F2C6DE}.Release|Any CPU.Build.0 = Release|Any CPU
		{D78C8D13-B4F4-4262-AFFB-B86DEE4A528A}.Debug|Any CPU.ActiveCfg = Debug|Any CPU
		{D78C8D13-B4F4-4262-AFFB-B86DEE4A528A}.Debug|Any CPU.Build.0 = Debug|Any CPU
		{D78C8D13-B4F4-4262-AFFB-B86DEE4A528A}.Release|Any CPU.ActiveCfg = Release|Any CPU
		{D78C8D13-B4F4-4262-AFFB-B86DEE4A528A}.Release|Any CPU.Build.0 = Release|Any CPU
		{F0520E32-F723-443A-8C0A-18A50ADF16C9}.Debug|Any CPU.ActiveCfg = Debug|Any CPU
		{F0520E32-F723-443A-8C0A-18A50ADF16C9}.Debug|Any CPU.Build.0 = Debug|Any CPU
		{F0520E32-F723-443A-8C0A-18A50ADF16C9}.Release|Any CPU.ActiveCfg = Release|Any CPU
		{F0520E32-F723-443A-8C0A-18A50ADF16C9}.Release|Any CPU.Build.0 = Release|Any CPU
		{FE0CCE42-85D8-433D-B8A9-44E825234792}.Debug|Any CPU.ActiveCfg = Debug|Any CPU
		{FE0CCE42-85D8-433D-B8A9-44E825234792}.Debug|Any CPU.Build.0 = Debug|Any CPU
		{FE0CCE42-85D8-433D-B8A9-44E825234792}.Release|Any CPU.ActiveCfg = Release|Any CPU
		{FE0CCE42-85D8-433D-B8A9-44E825234792}.Release|Any CPU.Build.0 = Release|Any CPU
		{5C630A91-A056-47AC-A884-DF3C28FBA518}.Debug|Any CPU.ActiveCfg = Debug|Any CPU
		{5C630A91-A056-47AC-A884-DF3C28FBA518}.Debug|Any CPU.Build.0 = Debug|Any CPU
		{5C630A91-A056-47AC-A884-DF3C28FBA518}.Release|Any CPU.ActiveCfg = Release|Any CPU
		{5C630A91-A056-47AC-A884-DF3C28FBA518}.Release|Any CPU.Build.0 = Release|Any CPU
		{A915ED1A-50FC-43F8-B996-6AEB1665C9AF}.Debug|Any CPU.ActiveCfg = Debug|Any CPU
		{A915ED1A-50FC-43F8-B996-6AEB1665C9AF}.Debug|Any CPU.Build.0 = Debug|Any CPU
		{A915ED1A-50FC-43F8-B996-6AEB1665C9AF}.Release|Any CPU.ActiveCfg = Release|Any CPU
		{A915ED1A-50FC-43F8-B996-6AEB1665C9AF}.Release|Any CPU.Build.0 = Release|Any CPU
		{0DD09335-3B62-43FE-85EB-8F29D0277B7A}.Debug|Any CPU.ActiveCfg = Debug|Any CPU
		{0DD09335-3B62-43FE-85EB-8F29D0277B7A}.Debug|Any CPU.Build.0 = Debug|Any CPU
		{0DD09335-3B62-43FE-85EB-8F29D0277B7A}.Release|Any CPU.ActiveCfg = Release|Any CPU
		{0DD09335-3B62-43FE-85EB-8F29D0277B7A}.Release|Any CPU.Build.0 = Release|Any CPU
	EndGlobalSection
	GlobalSection(SolutionProperties) = preSolution
		HideSolutionNode = FALSE
	EndGlobalSection
	GlobalSection(ExtensibilityGlobals) = postSolution
		SolutionGuid = {CBD202A6-3F80-4B08-A042-D81E4789D577}
	EndGlobalSection
EndGlobal
