
Microsoft Visual Studio Solution File, Format Version 12.00
# Visual Studio 15
VisualStudioVersion = 15.0.27004.2002
MinimumVisualStudioVersion = 10.0.40219.1
Project("{FAE04EC0-301F-11D3-BF4B-00C04F79EFBC}") = "00 test 01", "00 test 01\00 test 01.csproj", "{7B4452E6-1F11-4322-8782-26547872BA0C}"
EndProject
Project("{FAE04EC0-301F-11D3-BF4B-00C04F79EFBC}") = "01 Num_1to10_with_3steps", "01 Num_1to10_with_3steps\01 Num_1to10_with_3steps.csproj", "{59F89828-0C81-478D-A1D2-30558313FA5A}"
EndProject
Project("{FAE04EC0-301F-11D3-BF4B-00C04F79EFBC}") = "02. Numbers N to 1", "02. Numbers N to 1\02. Numbers N to 1.csproj", "{D2C84FA9-CC6A-4152-8882-A24F7E9BA0EF}"
EndProject
Project("{FAE04EC0-301F-11D3-BF4B-00C04F79EFBC}") = "03. Powers of Two", "03. Powers of Two\03. Powers of Two.csproj", "{3C9013A1-209F-46F2-95E8-20D8B536306C}"
EndProject
Project("{FAE04EC0-301F-11D3-BF4B-00C04F79EFBC}") = "04. Even Powers of 2", "04. Even Powers of 2\04. Even Powers of 2.csproj", "{3257E784-6CC2-427D-A804-CBE9AC825BB4}"
EndProject
Project("{FAE04EC0-301F-11D3-BF4B-00C04F79EFBC}") = "05. Sequence 2k+1", "05. Sequence 2k+1\05. Sequence 2k+1.csproj", "{A3DB3472-AA46-4A96-8408-457241D40C40}"
EndProject
Project("{FAE04EC0-301F-11D3-BF4B-00C04F79EFBC}") = "06. Number in Range_1to100", "06. Number in Range_1to100\06. Number in Range_1to100.csproj", "{87575725-8271-4B89-AAA3-5B17F7E52D8F}"
EndProject
Project("{FAE04EC0-301F-11D3-BF4B-00C04F79EFBC}") = "07. Greatest Common Divisor (CGD)", "07. Greatest Common Divisor (CGD)\07. Greatest Common Divisor (CGD).csproj", "{65D64B5E-8A4A-46B9-8FFA-0C974E794C74}"
EndProject
Project("{FAE04EC0-301F-11D3-BF4B-00C04F79EFBC}") = "08. Factorial", "08. Factorial\08. Factorial.csproj", "{2367B43F-133E-44FB-B541-FE4D2A7FF36B}"
EndProject
Project("{FAE04EC0-301F-11D3-BF4B-00C04F79EFBC}") = "00 test 2", "00 test 2\00 test 2.csproj", "{A10369C7-A065-4DD8-B934-82D4D0D9868C}"
EndProject
Project("{FAE04EC0-301F-11D3-BF4B-00C04F79EFBC}") = "09. Sum Digits", "09. Sum Digits\09. Sum Digits.csproj", "{B936DACD-F75F-4213-A710-D80FF0EAFB12}"
EndProject
Project("{FAE04EC0-301F-11D3-BF4B-00C04F79EFBC}") = "00 test 3", "00 test 3\00 test 3.csproj", "{BD587142-71F9-479E-8F23-3F9EBB9099FD}"
EndProject
Project("{FAE04EC0-301F-11D3-BF4B-00C04F79EFBC}") = "10. Check Prime", "10. Check Prime\10. Check Prime.csproj", "{41A9DFB5-F6DD-401B-A883-5563ADB36ABE}"
EndProject
Project("{FAE04EC0-301F-11D3-BF4B-00C04F79EFBC}") = "11. Enter Even Number", "11. Enter Even Number\11. Enter Even Number.csproj", "{8CA7F62E-E42D-45BB-9CCC-8D286E21740D}"
EndProject
Project("{FAE04EC0-301F-11D3-BF4B-00C04F79EFBC}") = "00 test 4", "00 test 4\00 test 4.csproj", "{39AEA665-21C8-417B-A50D-0A6F49791DD5}"
EndProject
Project("{FAE04EC0-301F-11D3-BF4B-00C04F79EFBC}") = "12. Fibonacci", "12. Fibonacci\12. Fibonacci.csproj", "{2B7404B2-9431-404C-B441-1189AA70E5D5}"
EndProject
Project("{FAE04EC0-301F-11D3-BF4B-00C04F79EFBC}") = "13. Number Pyramid", "13. Number Pyramid\13. Number Pyramid.csproj", "{E41EA08B-7640-4C6F-8F92-826768BD2A5D}"
EndProject
Project("{FAE04EC0-301F-11D3-BF4B-00C04F79EFBC}") = "00 test 0", "00 test 0\00 test 0.csproj", "{6038AA92-CCD2-4AD9-948B-2EE17A945142}"
EndProject
Project("{FAE04EC0-301F-11D3-BF4B-00C04F79EFBC}") = "14. Number Table", "14. Number Table\14. Number Table.csproj", "{61CF3264-07C4-496C-AABF-D0C0B471ED38}"
EndProject
Project("{FAE04EC0-301F-11D3-BF4B-00C04F79EFBC}") = "14. Number Table 2", "14. Number Table 2\14. Number Table 2.csproj", "{6E78ED83-00B1-4FE3-9F51-6B56FF6372CA}"
EndProject
Global
	GlobalSection(SolutionConfigurationPlatforms) = preSolution
		Debug|Any CPU = Debug|Any CPU
		Release|Any CPU = Release|Any CPU
	EndGlobalSection
	GlobalSection(ProjectConfigurationPlatforms) = postSolution
		{7B4452E6-1F11-4322-8782-26547872BA0C}.Debug|Any CPU.ActiveCfg = Debug|Any CPU
		{7B4452E6-1F11-4322-8782-26547872BA0C}.Debug|Any CPU.Build.0 = Debug|Any CPU
		{7B4452E6-1F11-4322-8782-26547872BA0C}.Release|Any CPU.ActiveCfg = Release|Any CPU
		{7B4452E6-1F11-4322-8782-26547872BA0C}.Release|Any CPU.Build.0 = Release|Any CPU
		{59F89828-0C81-478D-A1D2-30558313FA5A}.Debug|Any CPU.ActiveCfg = Debug|Any CPU
		{59F89828-0C81-478D-A1D2-30558313FA5A}.Debug|Any CPU.Build.0 = Debug|Any CPU
		{59F89828-0C81-478D-A1D2-30558313FA5A}.Release|Any CPU.ActiveCfg = Release|Any CPU
		{59F89828-0C81-478D-A1D2-30558313FA5A}.Release|Any CPU.Build.0 = Release|Any CPU
		{D2C84FA9-CC6A-4152-8882-A24F7E9BA0EF}.Debug|Any CPU.ActiveCfg = Debug|Any CPU
		{D2C84FA9-CC6A-4152-8882-A24F7E9BA0EF}.Debug|Any CPU.Build.0 = Debug|Any CPU
		{D2C84FA9-CC6A-4152-8882-A24F7E9BA0EF}.Release|Any CPU.ActiveCfg = Release|Any CPU
		{D2C84FA9-CC6A-4152-8882-A24F7E9BA0EF}.Release|Any CPU.Build.0 = Release|Any CPU
		{3C9013A1-209F-46F2-95E8-20D8B536306C}.Debug|Any CPU.ActiveCfg = Debug|Any CPU
		{3C9013A1-209F-46F2-95E8-20D8B536306C}.Debug|Any CPU.Build.0 = Debug|Any CPU
		{3C9013A1-209F-46F2-95E8-20D8B536306C}.Release|Any CPU.ActiveCfg = Release|Any CPU
		{3C9013A1-209F-46F2-95E8-20D8B536306C}.Release|Any CPU.Build.0 = Release|Any CPU
		{3257E784-6CC2-427D-A804-CBE9AC825BB4}.Debug|Any CPU.ActiveCfg = Debug|Any CPU
		{3257E784-6CC2-427D-A804-CBE9AC825BB4}.Debug|Any CPU.Build.0 = Debug|Any CPU
		{3257E784-6CC2-427D-A804-CBE9AC825BB4}.Release|Any CPU.ActiveCfg = Release|Any CPU
		{3257E784-6CC2-427D-A804-CBE9AC825BB4}.Release|Any CPU.Build.0 = Release|Any CPU
		{A3DB3472-AA46-4A96-8408-457241D40C40}.Debug|Any CPU.ActiveCfg = Debug|Any CPU
		{A3DB3472-AA46-4A96-8408-457241D40C40}.Debug|Any CPU.Build.0 = Debug|Any CPU
		{A3DB3472-AA46-4A96-8408-457241D40C40}.Release|Any CPU.ActiveCfg = Release|Any CPU
		{A3DB3472-AA46-4A96-8408-457241D40C40}.Release|Any CPU.Build.0 = Release|Any CPU
		{87575725-8271-4B89-AAA3-5B17F7E52D8F}.Debug|Any CPU.ActiveCfg = Debug|Any CPU
		{87575725-8271-4B89-AAA3-5B17F7E52D8F}.Debug|Any CPU.Build.0 = Debug|Any CPU
		{87575725-8271-4B89-AAA3-5B17F7E52D8F}.Release|Any CPU.ActiveCfg = Release|Any CPU
		{87575725-8271-4B89-AAA3-5B17F7E52D8F}.Release|Any CPU.Build.0 = Release|Any CPU
		{65D64B5E-8A4A-46B9-8FFA-0C974E794C74}.Debug|Any CPU.ActiveCfg = Debug|Any CPU
		{65D64B5E-8A4A-46B9-8FFA-0C974E794C74}.Debug|Any CPU.Build.0 = Debug|Any CPU
		{65D64B5E-8A4A-46B9-8FFA-0C974E794C74}.Release|Any CPU.ActiveCfg = Release|Any CPU
		{65D64B5E-8A4A-46B9-8FFA-0C974E794C74}.Release|Any CPU.Build.0 = Release|Any CPU
		{2367B43F-133E-44FB-B541-FE4D2A7FF36B}.Debug|Any CPU.ActiveCfg = Debug|Any CPU
		{2367B43F-133E-44FB-B541-FE4D2A7FF36B}.Debug|Any CPU.Build.0 = Debug|Any CPU
		{2367B43F-133E-44FB-B541-FE4D2A7FF36B}.Release|Any CPU.ActiveCfg = Release|Any CPU
		{2367B43F-133E-44FB-B541-FE4D2A7FF36B}.Release|Any CPU.Build.0 = Release|Any CPU
		{A10369C7-A065-4DD8-B934-82D4D0D9868C}.Debug|Any CPU.ActiveCfg = Debug|Any CPU
		{A10369C7-A065-4DD8-B934-82D4D0D9868C}.Debug|Any CPU.Build.0 = Debug|Any CPU
		{A10369C7-A065-4DD8-B934-82D4D0D9868C}.Release|Any CPU.ActiveCfg = Release|Any CPU
		{A10369C7-A065-4DD8-B934-82D4D0D9868C}.Release|Any CPU.Build.0 = Release|Any CPU
		{B936DACD-F75F-4213-A710-D80FF0EAFB12}.Debug|Any CPU.ActiveCfg = Debug|Any CPU
		{B936DACD-F75F-4213-A710-D80FF0EAFB12}.Debug|Any CPU.Build.0 = Debug|Any CPU
		{B936DACD-F75F-4213-A710-D80FF0EAFB12}.Release|Any CPU.ActiveCfg = Release|Any CPU
		{B936DACD-F75F-4213-A710-D80FF0EAFB12}.Release|Any CPU.Build.0 = Release|Any CPU
		{BD587142-71F9-479E-8F23-3F9EBB9099FD}.Debug|Any CPU.ActiveCfg = Debug|Any CPU
		{BD587142-71F9-479E-8F23-3F9EBB9099FD}.Debug|Any CPU.Build.0 = Debug|Any CPU
		{BD587142-71F9-479E-8F23-3F9EBB9099FD}.Release|Any CPU.ActiveCfg = Release|Any CPU
		{BD587142-71F9-479E-8F23-3F9EBB9099FD}.Release|Any CPU.Build.0 = Release|Any CPU
		{41A9DFB5-F6DD-401B-A883-5563ADB36ABE}.Debug|Any CPU.ActiveCfg = Debug|Any CPU
		{41A9DFB5-F6DD-401B-A883-5563ADB36ABE}.Debug|Any CPU.Build.0 = Debug|Any CPU
		{41A9DFB5-F6DD-401B-A883-5563ADB36ABE}.Release|Any CPU.ActiveCfg = Release|Any CPU
		{41A9DFB5-F6DD-401B-A883-5563ADB36ABE}.Release|Any CPU.Build.0 = Release|Any CPU
		{8CA7F62E-E42D-45BB-9CCC-8D286E21740D}.Debug|Any CPU.ActiveCfg = Debug|Any CPU
		{8CA7F62E-E42D-45BB-9CCC-8D286E21740D}.Debug|Any CPU.Build.0 = Debug|Any CPU
		{8CA7F62E-E42D-45BB-9CCC-8D286E21740D}.Release|Any CPU.ActiveCfg = Release|Any CPU
		{8CA7F62E-E42D-45BB-9CCC-8D286E21740D}.Release|Any CPU.Build.0 = Release|Any CPU
		{39AEA665-21C8-417B-A50D-0A6F49791DD5}.Debug|Any CPU.ActiveCfg = Debug|Any CPU
		{39AEA665-21C8-417B-A50D-0A6F49791DD5}.Debug|Any CPU.Build.0 = Debug|Any CPU
		{39AEA665-21C8-417B-A50D-0A6F49791DD5}.Release|Any CPU.ActiveCfg = Release|Any CPU
		{39AEA665-21C8-417B-A50D-0A6F49791DD5}.Release|Any CPU.Build.0 = Release|Any CPU
		{2B7404B2-9431-404C-B441-1189AA70E5D5}.Debug|Any CPU.ActiveCfg = Debug|Any CPU
		{2B7404B2-9431-404C-B441-1189AA70E5D5}.Debug|Any CPU.Build.0 = Debug|Any CPU
		{2B7404B2-9431-404C-B441-1189AA70E5D5}.Release|Any CPU.ActiveCfg = Release|Any CPU
		{2B7404B2-9431-404C-B441-1189AA70E5D5}.Release|Any CPU.Build.0 = Release|Any CPU
		{E41EA08B-7640-4C6F-8F92-826768BD2A5D}.Debug|Any CPU.ActiveCfg = Debug|Any CPU
		{E41EA08B-7640-4C6F-8F92-826768BD2A5D}.Debug|Any CPU.Build.0 = Debug|Any CPU
		{E41EA08B-7640-4C6F-8F92-826768BD2A5D}.Release|Any CPU.ActiveCfg = Release|Any CPU
		{E41EA08B-7640-4C6F-8F92-826768BD2A5D}.Release|Any CPU.Build.0 = Release|Any CPU
		{6038AA92-CCD2-4AD9-948B-2EE17A945142}.Debug|Any CPU.ActiveCfg = Debug|Any CPU
		{6038AA92-CCD2-4AD9-948B-2EE17A945142}.Debug|Any CPU.Build.0 = Debug|Any CPU
		{6038AA92-CCD2-4AD9-948B-2EE17A945142}.Release|Any CPU.ActiveCfg = Release|Any CPU
		{6038AA92-CCD2-4AD9-948B-2EE17A945142}.Release|Any CPU.Build.0 = Release|Any CPU
		{61CF3264-07C4-496C-AABF-D0C0B471ED38}.Debug|Any CPU.ActiveCfg = Debug|Any CPU
		{61CF3264-07C4-496C-AABF-D0C0B471ED38}.Debug|Any CPU.Build.0 = Debug|Any CPU
		{61CF3264-07C4-496C-AABF-D0C0B471ED38}.Release|Any CPU.ActiveCfg = Release|Any CPU
		{61CF3264-07C4-496C-AABF-D0C0B471ED38}.Release|Any CPU.Build.0 = Release|Any CPU
		{6E78ED83-00B1-4FE3-9F51-6B56FF6372CA}.Debug|Any CPU.ActiveCfg = Debug|Any CPU
		{6E78ED83-00B1-4FE3-9F51-6B56FF6372CA}.Debug|Any CPU.Build.0 = Debug|Any CPU
		{6E78ED83-00B1-4FE3-9F51-6B56FF6372CA}.Release|Any CPU.ActiveCfg = Release|Any CPU
		{6E78ED83-00B1-4FE3-9F51-6B56FF6372CA}.Release|Any CPU.Build.0 = Release|Any CPU
	EndGlobalSection
	GlobalSection(SolutionProperties) = preSolution
		HideSolutionNode = FALSE
	EndGlobalSection
	GlobalSection(ExtensibilityGlobals) = postSolution
		SolutionGuid = {BC9F5712-6241-4561-A95C-9F03B5AEA374}
	EndGlobalSection
EndGlobal
