
Microsoft Visual Studio Solution File, Format Version 12.00
# Visual Studio 15
VisualStudioVersion = 15.0.27130.2036
MinimumVisualStudioVersion = 10.0.40219.1
Project("{9A19103F-16F7-4668-BE54-9A1E7A4F7556}") = "L01.CarsApp", "L01.CarsApp\L01.CarsApp.csproj", "{37434A94-B8F2-47BE-9D40-858E3BFB8116}"
EndProject
Project("{9A19103F-16F7-4668-BE54-9A1E7A4F7556}") = "L01.Cars.Data", "L01.Cars.Data\L01.Cars.Data.csproj", "{8CA3BD2C-584C-4F60-A18D-5935F5F27383}"
EndProject
Project("{FAE04EC0-301F-11D3-BF4B-00C04F79EFBC}") = "P03_FootballBetting.Data", "P03_FootballBetting.Data\P03_FootballBetting.Data.csproj", "{9B8D75E3-3E50-4AF7-9FE8-712AD79208EF}"
EndProject
Project("{FAE04EC0-301F-11D3-BF4B-00C04F79EFBC}") = "P03_ FootballBetting.Data.Models", "P03_ FootballBetting.Data.Models\P03_ FootballBetting.Data.Models.csproj", "{BB1DDF80-66E5-4D29-810D-E8F5664C817B}"
EndProject
Project("{FAE04EC0-301F-11D3-BF4B-00C04F79EFBC}") = "P03_FootballBetting", "P03_FootballBetting\P03_FootballBetting.csproj", "{4D7C8F5A-C81B-4ACC-87CB-8BB43D2BB9E7}"
EndProject
Global
	GlobalSection(SolutionConfigurationPlatforms) = preSolution
		Debug|Any CPU = Debug|Any CPU
		Release|Any CPU = Release|Any CPU
	EndGlobalSection
	GlobalSection(ProjectConfigurationPlatforms) = postSolution
		{37434A94-B8F2-47BE-9D40-858E3BFB8116}.Debug|Any CPU.ActiveCfg = Debug|Any CPU
		{37434A94-B8F2-47BE-9D40-858E3BFB8116}.Debug|Any CPU.Build.0 = Debug|Any CPU
		{37434A94-B8F2-47BE-9D40-858E3BFB8116}.Release|Any CPU.ActiveCfg = Release|Any CPU
		{37434A94-B8F2-47BE-9D40-858E3BFB8116}.Release|Any CPU.Build.0 = Release|Any CPU
		{8CA3BD2C-584C-4F60-A18D-5935F5F27383}.Debug|Any CPU.ActiveCfg = Debug|Any CPU
		{8CA3BD2C-584C-4F60-A18D-5935F5F27383}.Debug|Any CPU.Build.0 = Debug|Any CPU
		{8CA3BD2C-584C-4F60-A18D-5935F5F27383}.Release|Any CPU.ActiveCfg = Release|Any CPU
		{8CA3BD2C-584C-4F60-A18D-5935F5F27383}.Release|Any CPU.Build.0 = Release|Any CPU
		{9B8D75E3-3E50-4AF7-9FE8-712AD79208EF}.Debug|Any CPU.ActiveCfg = Debug|Any CPU
		{9B8D75E3-3E50-4AF7-9FE8-712AD79208EF}.Debug|Any CPU.Build.0 = Debug|Any CPU
		{9B8D75E3-3E50-4AF7-9FE8-712AD79208EF}.Release|Any CPU.ActiveCfg = Release|Any CPU
		{9B8D75E3-3E50-4AF7-9FE8-712AD79208EF}.Release|Any CPU.Build.0 = Release|Any CPU
		{BB1DDF80-66E5-4D29-810D-E8F5664C817B}.Debug|Any CPU.ActiveCfg = Debug|Any CPU
		{BB1DDF80-66E5-4D29-810D-E8F5664C817B}.Debug|Any CPU.Build.0 = Debug|Any CPU
		{BB1DDF80-66E5-4D29-810D-E8F5664C817B}.Release|Any CPU.ActiveCfg = Release|Any CPU
		{BB1DDF80-66E5-4D29-810D-E8F5664C817B}.Release|Any CPU.Build.0 = Release|Any CPU
		{4D7C8F5A-C81B-4ACC-87CB-8BB43D2BB9E7}.Debug|Any CPU.ActiveCfg = Debug|Any CPU
		{4D7C8F5A-C81B-4ACC-87CB-8BB43D2BB9E7}.Debug|Any CPU.Build.0 = Debug|Any CPU
		{4D7C8F5A-C81B-4ACC-87CB-8BB43D2BB9E7}.Release|Any CPU.ActiveCfg = Release|Any CPU
		{4D7C8F5A-C81B-4ACC-87CB-8BB43D2BB9E7}.Release|Any CPU.Build.0 = Release|Any CPU
	EndGlobalSection
	GlobalSection(SolutionProperties) = preSolution
		HideSolutionNode = FALSE
	EndGlobalSection
	GlobalSection(ExtensibilityGlobals) = postSolution
		SolutionGuid = {E3FD5D39-1C0F-4E73-959F-83CD7B7B6881}
	EndGlobalSection
EndGlobal
